// !$*UTF8*$!
{
	archiveVersion = 1;
	classes = {
	};
	objectVersion = 50;
	objects = {

/* Begin PBXBuildFile section */
		B70BD43D2196C634000A4EBF /* AppDelegate.mm in Sources */ = {isa = PBXBuildFile; fileRef = B70BD43C2196C634000A4EBF /* AppDelegate.mm */; };
		B70BD4402196C634000A4EBF /* TikkyEngine.mm in Sources */ = {isa = PBXBuildFile; fileRef = B70BD43F2196C634000A4EBF /* TikkyEngine.mm */; };
		B70BD4432196C634000A4EBF /* Main.storyboard in Resources */ = {isa = PBXBuildFile; fileRef = B70BD4412196C634000A4EBF /* Main.storyboard */; };
		B70BD4452196C636000A4EBF /* Assets.xcassets in Resources */ = {isa = PBXBuildFile; fileRef = B70BD4442196C636000A4EBF /* Assets.xcassets */; };
		B70BD4482196C636000A4EBF /* LaunchScreen.storyboard in Resources */ = {isa = PBXBuildFile; fileRef = B70BD4462196C636000A4EBF /* LaunchScreen.storyboard */; };
		B70BD44B2196C636000A4EBF /* main.m in Sources */ = {isa = PBXBuildFile; fileRef = B70BD44A2196C636000A4EBF /* main.m */; };
		B70BD45E2196C73B000A4EBF /* libcocos2d iOS.a in Frameworks */ = {isa = PBXBuildFile; fileRef = B70BD45B2196C6EA000A4EBF /* libcocos2d iOS.a */; };
		B70BD4602196C748000A4EBF /* CoreText.framework in Frameworks */ = {isa = PBXBuildFile; fileRef = B70BD45F2196C748000A4EBF /* CoreText.framework */; };
		B70BD4622196C74F000A4EBF /* libiconv.tbd in Frameworks */ = {isa = PBXBuildFile; fileRef = B70BD4612196C74F000A4EBF /* libiconv.tbd */; };
		B70BD4642196C754000A4EBF /* Security.framework in Frameworks */ = {isa = PBXBuildFile; fileRef = B70BD4632196C754000A4EBF /* Security.framework */; };
		B70BD4662196C75B000A4EBF /* CoreMotion.framework in Frameworks */ = {isa = PBXBuildFile; fileRef = B70BD4652196C75B000A4EBF /* CoreMotion.framework */; };
		B70BD4682196C762000A4EBF /* Foundation.framework in Frameworks */ = {isa = PBXBuildFile; fileRef = B70BD4672196C762000A4EBF /* Foundation.framework */; };
		B70BD46A2196C768000A4EBF /* UIKit.framework in Frameworks */ = {isa = PBXBuildFile; fileRef = B70BD4692196C768000A4EBF /* UIKit.framework */; };
		B70BD46C2196C76F000A4EBF /* CoreGraphics.framework in Frameworks */ = {isa = PBXBuildFile; fileRef = B70BD46B2196C76F000A4EBF /* CoreGraphics.framework */; };
		B70BD46E2196C774000A4EBF /* OpenGLES.framework in Frameworks */ = {isa = PBXBuildFile; fileRef = B70BD46D2196C774000A4EBF /* OpenGLES.framework */; };
		B70BD4702196C77B000A4EBF /* libz.tbd in Frameworks */ = {isa = PBXBuildFile; fileRef = B70BD46F2196C77B000A4EBF /* libz.tbd */; };
		B70BD4722196C782000A4EBF /* QuartzCore.framework in Frameworks */ = {isa = PBXBuildFile; fileRef = B70BD4712196C782000A4EBF /* QuartzCore.framework */; };
		B70BD4742196C788000A4EBF /* OpenAL.framework in Frameworks */ = {isa = PBXBuildFile; fileRef = B70BD4732196C787000A4EBF /* OpenAL.framework */; };
		B70BD4762196C78F000A4EBF /* AVFoundation.framework in Frameworks */ = {isa = PBXBuildFile; fileRef = B70BD4752196C78F000A4EBF /* AVFoundation.framework */; };
		B70BD4782196C796000A4EBF /* AudioToolbox.framework in Frameworks */ = {isa = PBXBuildFile; fileRef = B70BD4772196C796000A4EBF /* AudioToolbox.framework */; };
		B70BD4832196C7E7000A4EBF /* libGPUImage.a in Frameworks */ = {isa = PBXBuildFile; fileRef = B70BD4802196C7C8000A4EBF /* libGPUImage.a */; };
		B70BD48D2196C913000A4EBF /* StickerScene.cpp in Sources */ = {isa = PBXBuildFile; fileRef = B70BD48B2196C911000A4EBF /* StickerScene.cpp */; };
		B70BD48E2196C913000A4EBF /* CCAppDelegate.cpp in Sources */ = {isa = PBXBuildFile; fileRef = B70BD48C2196C913000A4EBF /* CCAppDelegate.cpp */; };
		B70BD4952196C91D000A4EBF /* Cocos2dxGameController.mm in Sources */ = {isa = PBXBuildFile; fileRef = B70BD4922196C91D000A4EBF /* Cocos2dxGameController.mm */; };
		B70FDCB321BB172C00FCCF8D /* sticker-panda.png in Resources */ = {isa = PBXBuildFile; fileRef = B70FDCB121BB16AC00FCCF8D /* sticker-panda.png */; };
		B70FDCB521BB1ADC00FCCF8D /* sticker-mario.png in Resources */ = {isa = PBXBuildFile; fileRef = B70FDCB421BB1ADC00FCCF8D /* sticker-mario.png */; };
		B70FDCB721BB1AE200FCCF8D /* sticker-funny-king.png in Resources */ = {isa = PBXBuildFile; fileRef = B70FDCB621BB1AE200FCCF8D /* sticker-funny-king.png */; };
		B70FDCB921BB1AE500FCCF8D /* sticker-astronaut.png in Resources */ = {isa = PBXBuildFile; fileRef = B70FDCB821BB1AE500FCCF8D /* sticker-astronaut.png */; };
		B7107D0121BEE05300FEE948 /* TKUtilities.m in Sources */ = {isa = PBXBuildFile; fileRef = B7107D0021BEE05300FEE948 /* TKUtilities.m */; };
		B7107D0521BEE81800FEE948 /* TKCamera.m in Sources */ = {isa = PBXBuildFile; fileRef = B7107D0421BEE81800FEE948 /* TKCamera.m */; };
		B7107D0821BEE82200FEE948 /* TKPhoto.m in Sources */ = {isa = PBXBuildFile; fileRef = B7107D0721BEE82200FEE948 /* TKPhoto.m */; };
		B7107D0B21BEE84400FEE948 /* TKVideo.m in Sources */ = {isa = PBXBuildFile; fileRef = B7107D0A21BEE84400FEE948 /* TKVideo.m */; };
		B717051421985698006409F0 /* Photos.framework in Frameworks */ = {isa = PBXBuildFile; fileRef = B717051321985697006409F0 /* Photos.framework */; };
		B71850BE21B462BB00F66171 /* recyclingbin.png in Resources */ = {isa = PBXBuildFile; fileRef = B71850B921B462BB00F66171 /* recyclingbin.png */; };
		B71B138421B9C1A900DE1796 /* GPUImageLUTFilter.m in Sources */ = {isa = PBXBuildFile; fileRef = B71B138321B9C1A900DE1796 /* GPUImageLUTFilter.m */; };
		B746991F21C1F5EF00711F0E /* frame-flower-shakura-3.png in Resources */ = {isa = PBXBuildFile; fileRef = B746990621C1F5EF00711F0E /* frame-flower-shakura-3.png */; };
		B746992021C1F5EF00711F0E /* frame-flower-shakura-3.lua in Resources */ = {isa = PBXBuildFile; fileRef = B746990721C1F5EF00711F0E /* frame-flower-shakura-3.lua */; };
		B746992121C1F5EF00711F0E /* frame-flower-shakura-2.lua in Resources */ = {isa = PBXBuildFile; fileRef = B746990821C1F5EF00711F0E /* frame-flower-shakura-2.lua */; };
		B746992221C1F5EF00711F0E /* frame-flower-shakura-2.png in Resources */ = {isa = PBXBuildFile; fileRef = B746990921C1F5EF00711F0E /* frame-flower-shakura-2.png */; };
		B746992321C1F5EF00711F0E /* frame-flower-shakura-0.png in Resources */ = {isa = PBXBuildFile; fileRef = B746990A21C1F5EF00711F0E /* frame-flower-shakura-0.png */; };
		B746992421C1F5EF00711F0E /* frame-flower-shakura-0.lua in Resources */ = {isa = PBXBuildFile; fileRef = B746990B21C1F5EF00711F0E /* frame-flower-shakura-0.lua */; };
		B746992521C1F5EF00711F0E /* frame-flower-shakura-1.lua in Resources */ = {isa = PBXBuildFile; fileRef = B746990C21C1F5EF00711F0E /* frame-flower-shakura-1.lua */; };
		B746992621C1F5EF00711F0E /* frame-flower-shakura-1.png in Resources */ = {isa = PBXBuildFile; fileRef = B746990D21C1F5EF00711F0E /* frame-flower-shakura-1.png */; };
		B746992721C1F5EF00711F0E /* frame-flower-shakura-5.png in Resources */ = {isa = PBXBuildFile; fileRef = B746990E21C1F5EF00711F0E /* frame-flower-shakura-5.png */; };
		B746992821C1F5EF00711F0E /* frame-flower-shakura-5.lua in Resources */ = {isa = PBXBuildFile; fileRef = B746990F21C1F5EF00711F0E /* frame-flower-shakura-5.lua */; };
		B746992921C1F5EF00711F0E /* frame-flower-shakura-4.lua in Resources */ = {isa = PBXBuildFile; fileRef = B746991021C1F5EF00711F0E /* frame-flower-shakura-4.lua */; };
		B746992A21C1F5EF00711F0E /* frame-flower-shakura-4.png in Resources */ = {isa = PBXBuildFile; fileRef = B746991121C1F5EF00711F0E /* frame-flower-shakura-4.png */; };
		B746992B21C1F5EF00711F0E /* frame-flower-shakura-6.png in Resources */ = {isa = PBXBuildFile; fileRef = B746991221C1F5EF00711F0E /* frame-flower-shakura-6.png */; };
		B746992C21C1F5EF00711F0E /* frame-flower-shakura-6.lua in Resources */ = {isa = PBXBuildFile; fileRef = B746991321C1F5EF00711F0E /* frame-flower-shakura-6.lua */; };
		B746992D21C1F5EF00711F0E /* frame-flower-shakura-7.lua in Resources */ = {isa = PBXBuildFile; fileRef = B746991421C1F5EF00711F0E /* frame-flower-shakura-7.lua */; };
		B746992E21C1F5EF00711F0E /* frame-flower-shakura-7.png in Resources */ = {isa = PBXBuildFile; fileRef = B746991521C1F5EF00711F0E /* frame-flower-shakura-7.png */; };
		B746992F21C1F5EF00711F0E /* frame-flower-shakura-9.png in Resources */ = {isa = PBXBuildFile; fileRef = B746991621C1F5EF00711F0E /* frame-flower-shakura-9.png */; };
		B746993021C1F5EF00711F0E /* frame-flower-shakura-10.lua in Resources */ = {isa = PBXBuildFile; fileRef = B746991721C1F5EF00711F0E /* frame-flower-shakura-10.lua */; };
		B746993221C1F5EF00711F0E /* frame-flower-shakura-9.lua in Resources */ = {isa = PBXBuildFile; fileRef = B746991921C1F5EF00711F0E /* frame-flower-shakura-9.lua */; };
		B746993321C1F5EF00711F0E /* frame-flower-shakura-8.lua in Resources */ = {isa = PBXBuildFile; fileRef = B746991A21C1F5EF00711F0E /* frame-flower-shakura-8.lua */; };
		B746993421C1F5EF00711F0E /* frame-flower-shakura-11.png in Resources */ = {isa = PBXBuildFile; fileRef = B746991B21C1F5EF00711F0E /* frame-flower-shakura-11.png */; };
		B746993521C1F5EF00711F0E /* frame-flower-shakura-11.lua in Resources */ = {isa = PBXBuildFile; fileRef = B746991C21C1F5EF00711F0E /* frame-flower-shakura-11.lua */; };
		B746993621C1F5EF00711F0E /* frame-flower-shakura-8.png in Resources */ = {isa = PBXBuildFile; fileRef = B746991D21C1F5EF00711F0E /* frame-flower-shakura-8.png */; };
		B746993721C1F5EF00711F0E /* frame-flower-shakura-thumb.png in Resources */ = {isa = PBXBuildFile; fileRef = B746991E21C1F5EF00711F0E /* frame-flower-shakura-thumb.png */; };
		B74AAB19219FE79C006DF9B0 /* lookup-amatorka.png in Resources */ = {isa = PBXBuildFile; fileRef = B74AAB14219FE79C006DF9B0 /* lookup-amatorka.png */; };
		B74D674521BD54C500E11EC4 /* flash.png in Resources */ = {isa = PBXBuildFile; fileRef = B74D673721BD54C100E11EC4 /* flash.png */; };
		B74D674621BD54C500E11EC4 /* capture.png in Resources */ = {isa = PBXBuildFile; fileRef = B74D673821BD54C200E11EC4 /* capture.png */; };
		B74D674721BD54C500E11EC4 /* filter.png in Resources */ = {isa = PBXBuildFile; fileRef = B74D673921BD54C200E11EC4 /* filter.png */; };
		B74D674821BD54C500E11EC4 /* 10s.png in Resources */ = {isa = PBXBuildFile; fileRef = B74D673A21BD54C300E11EC4 /* 10s.png */; };
		B74D674921BD54C500E11EC4 /* frame.png in Resources */ = {isa = PBXBuildFile; fileRef = B74D673B21BD54C300E11EC4 /* frame.png */; };
		B74D674A21BD54C500E11EC4 /* emoji.png in Resources */ = {isa = PBXBuildFile; fileRef = B74D673C21BD54C300E11EC4 /* emoji.png */; };
		B74D674B21BD54C500E11EC4 /* more.png in Resources */ = {isa = PBXBuildFile; fileRef = B74D673D21BD54C300E11EC4 /* more.png */; };
		B74D674C21BD54C500E11EC4 /* photo.png in Resources */ = {isa = PBXBuildFile; fileRef = B74D673E21BD54C400E11EC4 /* photo.png */; };
		B74D674D21BD54C500E11EC4 /* raito.png in Resources */ = {isa = PBXBuildFile; fileRef = B74D673F21BD54C400E11EC4 /* raito.png */; };
		B74D674E21BD54C500E11EC4 /* time.png in Resources */ = {isa = PBXBuildFile; fileRef = B74D674021BD54C400E11EC4 /* time.png */; };
		B74D674F21BD54C500E11EC4 /* 15s.png in Resources */ = {isa = PBXBuildFile; fileRef = B74D674121BD54C500E11EC4 /* 15s.png */; };
		B74D675021BD54C500E11EC4 /* 5s.png in Resources */ = {isa = PBXBuildFile; fileRef = B74D674221BD54C500E11EC4 /* 5s.png */; };
		B74D675121BD54C500E11EC4 /* reverse.png in Resources */ = {isa = PBXBuildFile; fileRef = B74D674321BD54C500E11EC4 /* reverse.png */; };
		B74D675221BD54C500E11EC4 /* 3s.png in Resources */ = {isa = PBXBuildFile; fileRef = B74D674421BD54C500E11EC4 /* 3s.png */; };
		B74D676321BD54EB00E11EC4 /* TKBottomMenuItem.m in Sources */ = {isa = PBXBuildFile; fileRef = B74D675421BD54E600E11EC4 /* TKBottomMenuItem.m */; };
		B74D676421BD54EB00E11EC4 /* TKBottomSubMenu.m in Sources */ = {isa = PBXBuildFile; fileRef = B74D675521BD54E600E11EC4 /* TKBottomSubMenu.m */; };
		B74D676521BD54EB00E11EC4 /* TKBottomMenu.m in Sources */ = {isa = PBXBuildFile; fileRef = B74D675621BD54E700E11EC4 /* TKBottomMenu.m */; };
		B74D676621BD54EB00E11EC4 /* TKTopSubMenuItem.m in Sources */ = {isa = PBXBuildFile; fileRef = B74D675721BD54E700E11EC4 /* TKTopSubMenuItem.m */; };
		B74D676721BD54EB00E11EC4 /* TKRootView.m in Sources */ = {isa = PBXBuildFile; fileRef = B74D675821BD54E800E11EC4 /* TKRootView.m */; };
		B74D676821BD54EB00E11EC4 /* TKTopMenuItem.m in Sources */ = {isa = PBXBuildFile; fileRef = B74D675A21BD54E800E11EC4 /* TKTopMenuItem.m */; };
		B74D676921BD54EB00E11EC4 /* TKTopMenu.m in Sources */ = {isa = PBXBuildFile; fileRef = B74D675C21BD54E900E11EC4 /* TKTopMenu.m */; };
		B74D676A21BD54EB00E11EC4 /* TKTopSubViewMenu.m in Sources */ = {isa = PBXBuildFile; fileRef = B74D675D21BD54E900E11EC4 /* TKTopSubViewMenu.m */; };
		B74E611E21C2E5D0003A0E9A /* frame-flower-shakura-10.png in Resources */ = {isa = PBXBuildFile; fileRef = B74E611D21C2E5D0003A0E9A /* frame-flower-shakura-10.png */; };
		B751913421BA6EC900F64A21 /* TKFilter.m in Sources */ = {isa = PBXBuildFile; fileRef = B751913321BA6EC900F64A21 /* TKFilter.m */; };
		B751914221BA79EF00F64A21 /* TKSampleDataPool.m in Sources */ = {isa = PBXBuildFile; fileRef = B751914121BA79EF00F64A21 /* TKSampleDataPool.m */; };
		B751914521BA80D200F64A21 /* TKFilterProperty.m in Sources */ = {isa = PBXBuildFile; fileRef = B751914421BA80D200F64A21 /* TKFilterProperty.m */; };
		B751916D21BA9EF600F64A21 /* lookup-guardian.png in Resources */ = {isa = PBXBuildFile; fileRef = B751914C21BA9EEC00F64A21 /* lookup-guardian.png */; };
		B751916E21BA9EF600F64A21 /* lookup-summer.png in Resources */ = {isa = PBXBuildFile; fileRef = B751914D21BA9EEC00F64A21 /* lookup-summer.png */; };
		B751916F21BA9EF600F64A21 /* lookup-seven.png in Resources */ = {isa = PBXBuildFile; fileRef = B751914E21BA9EED00F64A21 /* lookup-seven.png */; };
		B751917121BA9EF600F64A21 /* lookup-floyd.png in Resources */ = {isa = PBXBuildFile; fileRef = B751915021BA9EED00F64A21 /* lookup-floyd.png */; };
		B751917221BA9EF600F64A21 /* lookup-mono cool.png in Resources */ = {isa = PBXBuildFile; fileRef = B751915121BA9EEE00F64A21 /* lookup-mono cool.png */; };
		B751917321BA9EF600F64A21 /* lookup-fresh.png in Resources */ = {isa = PBXBuildFile; fileRef = B751915221BA9EEE00F64A21 /* lookup-fresh.png */; };
		B751917421BA9EF600F64A21 /* lookup-indigo.png in Resources */ = {isa = PBXBuildFile; fileRef = B751915321BA9EEE00F64A21 /* lookup-indigo.png */; };
		B751917521BA9EF600F64A21 /* lookup-linda.png in Resources */ = {isa = PBXBuildFile; fileRef = B751915421BA9EEF00F64A21 /* lookup-linda.png */; };
		B751917721BA9EF600F64A21 /* lookup-charcoal.png in Resources */ = {isa = PBXBuildFile; fileRef = B751915621BA9EEF00F64A21 /* lookup-charcoal.png */; };
		B751917821BA9EF600F64A21 /* lookup-elizabeth.png in Resources */ = {isa = PBXBuildFile; fileRef = B751915721BA9EF000F64A21 /* lookup-elizabeth.png */; };
		B751917921BA9EF600F64A21 /* lookup-brooklyn.png in Resources */ = {isa = PBXBuildFile; fileRef = B751915821BA9EF000F64A21 /* lookup-brooklyn.png */; };
		B751917A21BA9EF600F64A21 /* lookup-hipster.png in Resources */ = {isa = PBXBuildFile; fileRef = B751915921BA9EF000F64A21 /* lookup-hipster.png */; };
		B751917B21BA9EF600F64A21 /* lookup-polaroid.png in Resources */ = {isa = PBXBuildFile; fileRef = B751915A21BA9EF000F64A21 /* lookup-polaroid.png */; };
		B751917C21BA9EF600F64A21 /* lookup-gotham.png in Resources */ = {isa = PBXBuildFile; fileRef = B751915B21BA9EF100F64A21 /* lookup-gotham.png */; };
		B751917D21BA9EF600F64A21 /* lookup-solar.png in Resources */ = {isa = PBXBuildFile; fileRef = B751915C21BA9EF100F64A21 /* lookup-solar.png */; };
		B751917F21BA9EF600F64A21 /* lookup-b & w.png in Resources */ = {isa = PBXBuildFile; fileRef = B751915E21BA9EF200F64A21 /* lookup-b & w.png */; };
		B751918021BA9EF600F64A21 /* lookup-1971.png in Resources */ = {isa = PBXBuildFile; fileRef = B751915F21BA9EF200F64A21 /* lookup-1971.png */; };
		B751918221BA9EF600F64A21 /* lookup-run.png in Resources */ = {isa = PBXBuildFile; fileRef = B751916121BA9EF300F64A21 /* lookup-run.png */; };
		B751918321BA9EF600F64A21 /* lookup-mental.png in Resources */ = {isa = PBXBuildFile; fileRef = B751916221BA9EF300F64A21 /* lookup-mental.png */; };
		B751918421BA9EF600F64A21 /* lookup-saha.png in Resources */ = {isa = PBXBuildFile; fileRef = B751916321BA9EF400F64A21 /* lookup-saha.png */; };
		B751918521BA9EF600F64A21 /* lookup-robinson.png in Resources */ = {isa = PBXBuildFile; fileRef = B751916421BA9EF400F64A21 /* lookup-robinson.png */; };
		B751918621BA9EF600F64A21 /* lookup-vintage.png in Resources */ = {isa = PBXBuildFile; fileRef = B751916521BA9EF400F64A21 /* lookup-vintage.png */; };
		B751918721BA9EF600F64A21 /* lookup-gypsy.png in Resources */ = {isa = PBXBuildFile; fileRef = B751916621BA9EF400F64A21 /* lookup-gypsy.png */; };
		B751918821BA9EF600F64A21 /* lookup-clarity.png in Resources */ = {isa = PBXBuildFile; fileRef = B751916721BA9EF500F64A21 /* lookup-clarity.png */; };
		B751918921BA9EF600F64A21 /* lookup-western.png in Resources */ = {isa = PBXBuildFile; fileRef = B751916821BA9EF500F64A21 /* lookup-western.png */; };
		B751918A21BA9EF600F64A21 /* lookup-fashion.png in Resources */ = {isa = PBXBuildFile; fileRef = B751916921BA9EF500F64A21 /* lookup-fashion.png */; };
		B751918B21BA9EF600F64A21 /* lookup-gray.png in Resources */ = {isa = PBXBuildFile; fileRef = B751916A21BA9EF600F64A21 /* lookup-gray.png */; };
		B751918C21BA9EF600F64A21 /* lookup-selena.png in Resources */ = {isa = PBXBuildFile; fileRef = B751916B21BA9EF600F64A21 /* lookup-selena.png */; };
		B751918D21BA9EF600F64A21 /* lookup-feel.png in Resources */ = {isa = PBXBuildFile; fileRef = B751916C21BA9EF600F64A21 /* lookup-feel.png */; };
		B75279CE21A1A73E00A59714 /* TKTextureUtilities.c in Sources */ = {isa = PBXBuildFile; fileRef = B75279CD21A1A73E00A59714 /* TKTextureUtilities.c */; };
		B75279D621A2001F00A59714 /* GPUImageStickerFilter.mm in Sources */ = {isa = PBXBuildFile; fileRef = B75279D521A2001E00A59714 /* GPUImageStickerFilter.mm */; };
		B7558A5C21B8604A0045BBD7 /* TKImageInput.m in Sources */ = {isa = PBXBuildFile; fileRef = B7558A5B21B8604A0045BBD7 /* TKImageInput.m */; };
		B75C333E21B432C2006BEED5 /* PanGestureRecognizer.cpp in Sources */ = {isa = PBXBuildFile; fileRef = B75C333021B432C2006BEED5 /* PanGestureRecognizer.cpp */; };
		B75C333F21B432C2006BEED5 /* TapGestureRecognizer.cpp in Sources */ = {isa = PBXBuildFile; fileRef = B75C333121B432C2006BEED5 /* TapGestureRecognizer.cpp */; };
		B75C334021B432C2006BEED5 /* GestureRecognizerUtils.cpp in Sources */ = {isa = PBXBuildFile; fileRef = B75C333421B432C2006BEED5 /* GestureRecognizerUtils.cpp */; };
		B75C334121B432C2006BEED5 /* PinchGestureRecognizer.cpp in Sources */ = {isa = PBXBuildFile; fileRef = B75C333621B432C2006BEED5 /* PinchGestureRecognizer.cpp */; };
		B75C334221B432C2006BEED5 /* LongPressGestureRecognizer.cpp in Sources */ = {isa = PBXBuildFile; fileRef = B75C333721B432C2006BEED5 /* LongPressGestureRecognizer.cpp */; };
		B75C334321B432C2006BEED5 /* SwipeGestureRecognizer.cpp in Sources */ = {isa = PBXBuildFile; fileRef = B75C333921B432C2006BEED5 /* SwipeGestureRecognizer.cpp */; };
		B75C334421B432C2006BEED5 /* GestureRecognizer.cpp in Sources */ = {isa = PBXBuildFile; fileRef = B75C333B21B432C2006BEED5 /* GestureRecognizer.cpp */; };
		B76036FB21C0410C00A85F16 /* frames-xmas-5-bot.png in Resources */ = {isa = PBXBuildFile; fileRef = B76036F921C0410C00A85F16 /* frames-xmas-5-bot.png */; };
		B76036FC21C0410C00A85F16 /* frames-xmas-5-top.png in Resources */ = {isa = PBXBuildFile; fileRef = B76036FA21C0410C00A85F16 /* frames-xmas-5-top.png */; };
		B767ED8621B545C400CE264A /* TKStickerPreviewer.mm in Sources */ = {isa = PBXBuildFile; fileRef = B767ED8521B545C400CE264A /* TKStickerPreviewer.mm */; };
		B767ED8D21B54F2C00CE264A /* CameraViewController.mm in Sources */ = {isa = PBXBuildFile; fileRef = B767ED8C21B54F2C00CE264A /* CameraViewController.mm */; };
		B767ED9421B5763C00CE264A /* StickerEditController.cpp in Sources */ = {isa = PBXBuildFile; fileRef = B75C332921B4064F006BEED5 /* StickerEditController.cpp */; };
		B767ED9D21B5BECE00CE264A /* TKImageFilter.m in Sources */ = {isa = PBXBuildFile; fileRef = B767ED9C21B5BECE00CE264A /* TKImageFilter.m */; };
		B7B8523E21C04C4F005A3F3B /* libluacocos2d iOS.a in Frameworks */ = {isa = PBXBuildFile; fileRef = B7B8523721C0490B005A3F3B /* libluacocos2d iOS.a */; };
		B7B8524021C04C9C005A3F3B /* CFNetwork.framework in Frameworks */ = {isa = PBXBuildFile; fileRef = B7B8523F21C04C9C005A3F3B /* CFNetwork.framework */; };
		B7B8524221C04CC1005A3F3B /* MediaPlayer.framework in Frameworks */ = {isa = PBXBuildFile; fileRef = B7B8524121C04CC1005A3F3B /* MediaPlayer.framework */; };
		B7E738B021C6D70500932ABD /* UIDevice+DeviceName.m in Sources */ = {isa = PBXBuildFile; fileRef = B7E738AF21C6D70500932ABD /* UIDevice+DeviceName.m */; };
		B7E738B921C6D70500932ABD /* UIView+Delegate.m in Sources */ = {isa = PBXBuildFile; fileRef = B7E738B821C6D70500932ABD /* UIView+Delegate.m */; };
/* End PBXBuildFile section */

/* Begin PBXContainerItemProxy section */
		B70BD4582196C6EA000A4EBF /* PBXContainerItemProxy */ = {
			isa = PBXContainerItemProxy;
			containerPortal = B70BD4522196C6EA000A4EBF /* cocos2d_libs.xcodeproj */;
			proxyType = 2;
			remoteGlobalIDString = 1551A33F158F2AB200E66CFE;
			remoteInfo = "libcocos2d Mac";
		};
		B70BD45A2196C6EA000A4EBF /* PBXContainerItemProxy */ = {
			isa = PBXContainerItemProxy;
			containerPortal = B70BD4522196C6EA000A4EBF /* cocos2d_libs.xcodeproj */;
			proxyType = 2;
			remoteGlobalIDString = A07A4D641783777C0073F6A7;
			remoteInfo = "libcocos2d iOS";
		};
		B70BD45C2196C6EA000A4EBF /* PBXContainerItemProxy */ = {
			isa = PBXContainerItemProxy;
			containerPortal = B70BD4522196C6EA000A4EBF /* cocos2d_libs.xcodeproj */;
			proxyType = 2;
			remoteGlobalIDString = 507B40FD1C31BDD30067B53E;
			remoteInfo = "libcocos2d tvOS";
		};
		B70BD47F2196C7C8000A4EBF /* PBXContainerItemProxy */ = {
			isa = PBXContainerItemProxy;
			containerPortal = B70BD4792196C7C7000A4EBF /* GPUImage.xcodeproj */;
			proxyType = 2;
			remoteGlobalIDString = BCF1A33414DDB1EC00852800;
			remoteInfo = GPUImage;
		};
		B70BD4812196C7C8000A4EBF /* PBXContainerItemProxy */ = {
			isa = PBXContainerItemProxy;
			containerPortal = B70BD4792196C7C7000A4EBF /* GPUImage.xcodeproj */;
			proxyType = 2;
			remoteGlobalIDString = BCE209E51943F20C002FEED8;
			remoteInfo = GPUImageFramework;
		};
		B70BD4842196C7F2000A4EBF /* PBXContainerItemProxy */ = {
			isa = PBXContainerItemProxy;
			containerPortal = B70BD4522196C6EA000A4EBF /* cocos2d_libs.xcodeproj */;
			proxyType = 1;
			remoteGlobalIDString = A07A4C241783777C0073F6A7;
			remoteInfo = "libcocos2d iOS";
		};
		B70BD4862196C7F5000A4EBF /* PBXContainerItemProxy */ = {
			isa = PBXContainerItemProxy;
			containerPortal = B70BD4792196C7C7000A4EBF /* GPUImage.xcodeproj */;
			proxyType = 1;
			remoteGlobalIDString = BCF1A33314DDB1EC00852800;
			remoteInfo = GPUImage;
		};
		B7B8523421C0490B005A3F3B /* PBXContainerItemProxy */ = {
			isa = PBXContainerItemProxy;
			containerPortal = B7B8522C21C0490B005A3F3B /* cocos2d_lua_bindings.xcodeproj */;
			proxyType = 2;
			remoteGlobalIDString = 15C1C2CC198748D200A46ACC;
			remoteInfo = "libluacocos2d Mac";
		};
		B7B8523621C0490B005A3F3B /* PBXContainerItemProxy */ = {
			isa = PBXContainerItemProxy;
			containerPortal = B7B8522C21C0490B005A3F3B /* cocos2d_lua_bindings.xcodeproj */;
			proxyType = 2;
			remoteGlobalIDString = 15EFA616198B2DAA000C57D3;
			remoteInfo = "libluacocos2d iOS";
		};
		B7B8523821C0490B005A3F3B /* PBXContainerItemProxy */ = {
			isa = PBXContainerItemProxy;
			containerPortal = B7B8522C21C0490B005A3F3B /* cocos2d_lua_bindings.xcodeproj */;
			proxyType = 2;
			remoteGlobalIDString = 507B43531C31FA0C0067B53E;
			remoteInfo = "libluacocos2d tvOS";
		};
		B7B8523C21C04918005A3F3B /* PBXContainerItemProxy */ = {
			isa = PBXContainerItemProxy;
			containerPortal = B7B8522C21C0490B005A3F3B /* cocos2d_lua_bindings.xcodeproj */;
			proxyType = 1;
			remoteGlobalIDString = 15EFA59E198B2DAA000C57D3;
			remoteInfo = "libluacocos2d iOS";
		};
/* End PBXContainerItemProxy section */

/* Begin PBXFileReference section */
		B70BD4382196C634000A4EBF /* Tikky.app */ = {isa = PBXFileReference; explicitFileType = wrapper.application; includeInIndex = 0; path = Tikky.app; sourceTree = BUILT_PRODUCTS_DIR; };
		B70BD43B2196C634000A4EBF /* AppDelegate.h */ = {isa = PBXFileReference; lastKnownFileType = sourcecode.c.h; path = AppDelegate.h; sourceTree = "<group>"; };
		B70BD43C2196C634000A4EBF /* AppDelegate.mm */ = {isa = PBXFileReference; lastKnownFileType = sourcecode.cpp.objcpp; path = AppDelegate.mm; sourceTree = "<group>"; };
		B70BD43E2196C634000A4EBF /* TikkyEngine.h */ = {isa = PBXFileReference; lastKnownFileType = sourcecode.c.h; path = TikkyEngine.h; sourceTree = "<group>"; };
		B70BD43F2196C634000A4EBF /* TikkyEngine.mm */ = {isa = PBXFileReference; lastKnownFileType = sourcecode.cpp.objcpp; path = TikkyEngine.mm; sourceTree = "<group>"; };
		B70BD4422196C634000A4EBF /* Base */ = {isa = PBXFileReference; lastKnownFileType = file.storyboard; name = Base; path = Base.lproj/Main.storyboard; sourceTree = "<group>"; };
		B70BD4442196C636000A4EBF /* Assets.xcassets */ = {isa = PBXFileReference; lastKnownFileType = folder.assetcatalog; path = Assets.xcassets; sourceTree = "<group>"; };
		B70BD4472196C636000A4EBF /* Base */ = {isa = PBXFileReference; lastKnownFileType = file.storyboard; name = Base; path = Base.lproj/LaunchScreen.storyboard; sourceTree = "<group>"; };
		B70BD4492196C636000A4EBF /* Info.plist */ = {isa = PBXFileReference; lastKnownFileType = text.plist.xml; path = Info.plist; sourceTree = "<group>"; };
		B70BD44A2196C636000A4EBF /* main.m */ = {isa = PBXFileReference; lastKnownFileType = sourcecode.c.objc; path = main.m; sourceTree = "<group>"; };
		B70BD4522196C6EA000A4EBF /* cocos2d_libs.xcodeproj */ = {isa = PBXFileReference; lastKnownFileType = "wrapper.pb-project"; name = cocos2d_libs.xcodeproj; path = "cocos2d-x/build/cocos2d_libs.xcodeproj"; sourceTree = "<group>"; };
		B70BD45F2196C748000A4EBF /* CoreText.framework */ = {isa = PBXFileReference; lastKnownFileType = wrapper.framework; name = CoreText.framework; path = System/Library/Frameworks/CoreText.framework; sourceTree = SDKROOT; };
		B70BD4612196C74F000A4EBF /* libiconv.tbd */ = {isa = PBXFileReference; lastKnownFileType = "sourcecode.text-based-dylib-definition"; name = libiconv.tbd; path = usr/lib/libiconv.tbd; sourceTree = SDKROOT; };
		B70BD4632196C754000A4EBF /* Security.framework */ = {isa = PBXFileReference; lastKnownFileType = wrapper.framework; name = Security.framework; path = System/Library/Frameworks/Security.framework; sourceTree = SDKROOT; };
		B70BD4652196C75B000A4EBF /* CoreMotion.framework */ = {isa = PBXFileReference; lastKnownFileType = wrapper.framework; name = CoreMotion.framework; path = System/Library/Frameworks/CoreMotion.framework; sourceTree = SDKROOT; };
		B70BD4672196C762000A4EBF /* Foundation.framework */ = {isa = PBXFileReference; lastKnownFileType = wrapper.framework; name = Foundation.framework; path = System/Library/Frameworks/Foundation.framework; sourceTree = SDKROOT; };
		B70BD4692196C768000A4EBF /* UIKit.framework */ = {isa = PBXFileReference; lastKnownFileType = wrapper.framework; name = UIKit.framework; path = System/Library/Frameworks/UIKit.framework; sourceTree = SDKROOT; };
		B70BD46B2196C76F000A4EBF /* CoreGraphics.framework */ = {isa = PBXFileReference; lastKnownFileType = wrapper.framework; name = CoreGraphics.framework; path = System/Library/Frameworks/CoreGraphics.framework; sourceTree = SDKROOT; };
		B70BD46D2196C774000A4EBF /* OpenGLES.framework */ = {isa = PBXFileReference; lastKnownFileType = wrapper.framework; name = OpenGLES.framework; path = System/Library/Frameworks/OpenGLES.framework; sourceTree = SDKROOT; };
		B70BD46F2196C77B000A4EBF /* libz.tbd */ = {isa = PBXFileReference; lastKnownFileType = "sourcecode.text-based-dylib-definition"; name = libz.tbd; path = usr/lib/libz.tbd; sourceTree = SDKROOT; };
		B70BD4712196C782000A4EBF /* QuartzCore.framework */ = {isa = PBXFileReference; lastKnownFileType = wrapper.framework; name = QuartzCore.framework; path = System/Library/Frameworks/QuartzCore.framework; sourceTree = SDKROOT; };
		B70BD4732196C787000A4EBF /* OpenAL.framework */ = {isa = PBXFileReference; lastKnownFileType = wrapper.framework; name = OpenAL.framework; path = System/Library/Frameworks/OpenAL.framework; sourceTree = SDKROOT; };
		B70BD4752196C78F000A4EBF /* AVFoundation.framework */ = {isa = PBXFileReference; lastKnownFileType = wrapper.framework; name = AVFoundation.framework; path = System/Library/Frameworks/AVFoundation.framework; sourceTree = SDKROOT; };
		B70BD4772196C796000A4EBF /* AudioToolbox.framework */ = {isa = PBXFileReference; lastKnownFileType = wrapper.framework; name = AudioToolbox.framework; path = System/Library/Frameworks/AudioToolbox.framework; sourceTree = SDKROOT; };
		B70BD4792196C7C7000A4EBF /* GPUImage.xcodeproj */ = {isa = PBXFileReference; lastKnownFileType = "wrapper.pb-project"; name = GPUImage.xcodeproj; path = GPUImage/GPUImage.xcodeproj; sourceTree = "<group>"; };
		B70BD4882196C90C000A4EBF /* StickerScene.h */ = {isa = PBXFileReference; fileEncoding = 4; lastKnownFileType = sourcecode.c.h; path = StickerScene.h; sourceTree = "<group>"; };
		B70BD4892196C90E000A4EBF /* CCAppDelegate.h */ = {isa = PBXFileReference; fileEncoding = 4; lastKnownFileType = sourcecode.c.h; path = CCAppDelegate.h; sourceTree = "<group>"; };
		B70BD48A2196C90F000A4EBF /* Prefix.pch */ = {isa = PBXFileReference; fileEncoding = 4; lastKnownFileType = sourcecode.c.h; path = Prefix.pch; sourceTree = "<group>"; };
		B70BD48B2196C911000A4EBF /* StickerScene.cpp */ = {isa = PBXFileReference; fileEncoding = 4; lastKnownFileType = sourcecode.cpp.cpp; path = StickerScene.cpp; sourceTree = "<group>"; };
		B70BD48C2196C913000A4EBF /* CCAppDelegate.cpp */ = {isa = PBXFileReference; fileEncoding = 4; lastKnownFileType = sourcecode.cpp.cpp; path = CCAppDelegate.cpp; sourceTree = "<group>"; };
		B70BD4922196C91D000A4EBF /* Cocos2dxGameController.mm */ = {isa = PBXFileReference; fileEncoding = 4; lastKnownFileType = sourcecode.cpp.objcpp; path = Cocos2dxGameController.mm; sourceTree = "<group>"; };
		B70BD4932196C91D000A4EBF /* Cocos2dxGameController.h */ = {isa = PBXFileReference; fileEncoding = 4; lastKnownFileType = sourcecode.c.h; path = Cocos2dxGameController.h; sourceTree = "<group>"; };
		B70FDCB121BB16AC00FCCF8D /* sticker-panda.png */ = {isa = PBXFileReference; lastKnownFileType = image.png; path = "sticker-panda.png"; sourceTree = "<group>"; };
		B70FDCB421BB1ADC00FCCF8D /* sticker-mario.png */ = {isa = PBXFileReference; lastKnownFileType = image.png; path = "sticker-mario.png"; sourceTree = "<group>"; };
		B70FDCB621BB1AE200FCCF8D /* sticker-funny-king.png */ = {isa = PBXFileReference; lastKnownFileType = image.png; path = "sticker-funny-king.png"; sourceTree = "<group>"; };
		B70FDCB821BB1AE500FCCF8D /* sticker-astronaut.png */ = {isa = PBXFileReference; lastKnownFileType = image.png; path = "sticker-astronaut.png"; sourceTree = "<group>"; };
		B7107CFF21BEE05300FEE948 /* TKUtilities.h */ = {isa = PBXFileReference; lastKnownFileType = sourcecode.c.h; path = TKUtilities.h; sourceTree = "<group>"; };
		B7107D0021BEE05300FEE948 /* TKUtilities.m */ = {isa = PBXFileReference; lastKnownFileType = sourcecode.c.objc; path = TKUtilities.m; sourceTree = "<group>"; };
		B7107D0321BEE81800FEE948 /* TKCamera.h */ = {isa = PBXFileReference; lastKnownFileType = sourcecode.c.h; path = TKCamera.h; sourceTree = "<group>"; };
		B7107D0421BEE81800FEE948 /* TKCamera.m */ = {isa = PBXFileReference; lastKnownFileType = sourcecode.c.objc; path = TKCamera.m; sourceTree = "<group>"; };
		B7107D0621BEE82200FEE948 /* TKPhoto.h */ = {isa = PBXFileReference; lastKnownFileType = sourcecode.c.h; path = TKPhoto.h; sourceTree = "<group>"; };
		B7107D0721BEE82200FEE948 /* TKPhoto.m */ = {isa = PBXFileReference; lastKnownFileType = sourcecode.c.objc; path = TKPhoto.m; sourceTree = "<group>"; };
		B7107D0921BEE84400FEE948 /* TKVideo.h */ = {isa = PBXFileReference; lastKnownFileType = sourcecode.c.h; path = TKVideo.h; sourceTree = "<group>"; };
		B7107D0A21BEE84400FEE948 /* TKVideo.m */ = {isa = PBXFileReference; lastKnownFileType = sourcecode.c.objc; path = TKVideo.m; sourceTree = "<group>"; };
		B7107D0C21BEE93900FEE948 /* Tikky.h */ = {isa = PBXFileReference; lastKnownFileType = sourcecode.c.h; path = Tikky.h; sourceTree = "<group>"; };
		B717051321985697006409F0 /* Photos.framework */ = {isa = PBXFileReference; lastKnownFileType = wrapper.framework; name = Photos.framework; path = System/Library/Frameworks/Photos.framework; sourceTree = SDKROOT; };
		B71850B921B462BB00F66171 /* recyclingbin.png */ = {isa = PBXFileReference; lastKnownFileType = image.png; path = recyclingbin.png; sourceTree = "<group>"; };
		B71B138221B9C1A800DE1796 /* GPUImageLUTFilter.h */ = {isa = PBXFileReference; fileEncoding = 4; lastKnownFileType = sourcecode.c.h; path = GPUImageLUTFilter.h; sourceTree = "<group>"; };
		B71B138321B9C1A900DE1796 /* GPUImageLUTFilter.m */ = {isa = PBXFileReference; fileEncoding = 4; lastKnownFileType = sourcecode.c.objc; path = GPUImageLUTFilter.m; sourceTree = "<group>"; };
		B746990621C1F5EF00711F0E /* frame-flower-shakura-3.png */ = {isa = PBXFileReference; lastKnownFileType = image.png; path = "frame-flower-shakura-3.png"; sourceTree = "<group>"; };
		B746990721C1F5EF00711F0E /* frame-flower-shakura-3.lua */ = {isa = PBXFileReference; fileEncoding = 4; lastKnownFileType = text; path = "frame-flower-shakura-3.lua"; sourceTree = "<group>"; };
		B746990821C1F5EF00711F0E /* frame-flower-shakura-2.lua */ = {isa = PBXFileReference; fileEncoding = 4; lastKnownFileType = text; path = "frame-flower-shakura-2.lua"; sourceTree = "<group>"; };
		B746990921C1F5EF00711F0E /* frame-flower-shakura-2.png */ = {isa = PBXFileReference; lastKnownFileType = image.png; path = "frame-flower-shakura-2.png"; sourceTree = "<group>"; };
		B746990A21C1F5EF00711F0E /* frame-flower-shakura-0.png */ = {isa = PBXFileReference; lastKnownFileType = image.png; path = "frame-flower-shakura-0.png"; sourceTree = "<group>"; };
		B746990B21C1F5EF00711F0E /* frame-flower-shakura-0.lua */ = {isa = PBXFileReference; fileEncoding = 4; lastKnownFileType = text; path = "frame-flower-shakura-0.lua"; sourceTree = "<group>"; };
		B746990C21C1F5EF00711F0E /* frame-flower-shakura-1.lua */ = {isa = PBXFileReference; fileEncoding = 4; lastKnownFileType = text; path = "frame-flower-shakura-1.lua"; sourceTree = "<group>"; };
		B746990D21C1F5EF00711F0E /* frame-flower-shakura-1.png */ = {isa = PBXFileReference; lastKnownFileType = image.png; path = "frame-flower-shakura-1.png"; sourceTree = "<group>"; };
		B746990E21C1F5EF00711F0E /* frame-flower-shakura-5.png */ = {isa = PBXFileReference; lastKnownFileType = image.png; path = "frame-flower-shakura-5.png"; sourceTree = "<group>"; };
		B746990F21C1F5EF00711F0E /* frame-flower-shakura-5.lua */ = {isa = PBXFileReference; fileEncoding = 4; lastKnownFileType = text; path = "frame-flower-shakura-5.lua"; sourceTree = "<group>"; };
		B746991021C1F5EF00711F0E /* frame-flower-shakura-4.lua */ = {isa = PBXFileReference; fileEncoding = 4; lastKnownFileType = text; path = "frame-flower-shakura-4.lua"; sourceTree = "<group>"; };
		B746991121C1F5EF00711F0E /* frame-flower-shakura-4.png */ = {isa = PBXFileReference; lastKnownFileType = image.png; path = "frame-flower-shakura-4.png"; sourceTree = "<group>"; };
		B746991221C1F5EF00711F0E /* frame-flower-shakura-6.png */ = {isa = PBXFileReference; lastKnownFileType = image.png; path = "frame-flower-shakura-6.png"; sourceTree = "<group>"; };
		B746991321C1F5EF00711F0E /* frame-flower-shakura-6.lua */ = {isa = PBXFileReference; fileEncoding = 4; lastKnownFileType = text; path = "frame-flower-shakura-6.lua"; sourceTree = "<group>"; };
		B746991421C1F5EF00711F0E /* frame-flower-shakura-7.lua */ = {isa = PBXFileReference; fileEncoding = 4; lastKnownFileType = text; path = "frame-flower-shakura-7.lua"; sourceTree = "<group>"; };
		B746991521C1F5EF00711F0E /* frame-flower-shakura-7.png */ = {isa = PBXFileReference; lastKnownFileType = image.png; path = "frame-flower-shakura-7.png"; sourceTree = "<group>"; };
		B746991621C1F5EF00711F0E /* frame-flower-shakura-9.png */ = {isa = PBXFileReference; lastKnownFileType = image.png; path = "frame-flower-shakura-9.png"; sourceTree = "<group>"; };
		B746991721C1F5EF00711F0E /* frame-flower-shakura-10.lua */ = {isa = PBXFileReference; fileEncoding = 4; lastKnownFileType = text; path = "frame-flower-shakura-10.lua"; sourceTree = "<group>"; };
		B746991921C1F5EF00711F0E /* frame-flower-shakura-9.lua */ = {isa = PBXFileReference; fileEncoding = 4; lastKnownFileType = text; path = "frame-flower-shakura-9.lua"; sourceTree = "<group>"; };
		B746991A21C1F5EF00711F0E /* frame-flower-shakura-8.lua */ = {isa = PBXFileReference; fileEncoding = 4; lastKnownFileType = text; path = "frame-flower-shakura-8.lua"; sourceTree = "<group>"; };
		B746991B21C1F5EF00711F0E /* frame-flower-shakura-11.png */ = {isa = PBXFileReference; lastKnownFileType = image.png; path = "frame-flower-shakura-11.png"; sourceTree = "<group>"; };
		B746991C21C1F5EF00711F0E /* frame-flower-shakura-11.lua */ = {isa = PBXFileReference; fileEncoding = 4; lastKnownFileType = text; path = "frame-flower-shakura-11.lua"; sourceTree = "<group>"; };
		B746991D21C1F5EF00711F0E /* frame-flower-shakura-8.png */ = {isa = PBXFileReference; lastKnownFileType = image.png; path = "frame-flower-shakura-8.png"; sourceTree = "<group>"; };
		B746991E21C1F5EF00711F0E /* frame-flower-shakura-thumb.png */ = {isa = PBXFileReference; lastKnownFileType = image.png; path = "frame-flower-shakura-thumb.png"; sourceTree = "<group>"; };
		B74AAB14219FE79C006DF9B0 /* lookup-amatorka.png */ = {isa = PBXFileReference; lastKnownFileType = image.png; path = "lookup-amatorka.png"; sourceTree = "<group>"; };
		B74D673721BD54C100E11EC4 /* flash.png */ = {isa = PBXFileReference; lastKnownFileType = image.png; path = flash.png; sourceTree = "<group>"; };
		B74D673821BD54C200E11EC4 /* capture.png */ = {isa = PBXFileReference; lastKnownFileType = image.png; path = capture.png; sourceTree = "<group>"; };
		B74D673921BD54C200E11EC4 /* filter.png */ = {isa = PBXFileReference; lastKnownFileType = image.png; path = filter.png; sourceTree = "<group>"; };
		B74D673A21BD54C300E11EC4 /* 10s.png */ = {isa = PBXFileReference; lastKnownFileType = image.png; path = 10s.png; sourceTree = "<group>"; };
		B74D673B21BD54C300E11EC4 /* frame.png */ = {isa = PBXFileReference; lastKnownFileType = image.png; path = frame.png; sourceTree = "<group>"; };
		B74D673C21BD54C300E11EC4 /* emoji.png */ = {isa = PBXFileReference; lastKnownFileType = image.png; path = emoji.png; sourceTree = "<group>"; };
		B74D673D21BD54C300E11EC4 /* more.png */ = {isa = PBXFileReference; lastKnownFileType = image.png; path = more.png; sourceTree = "<group>"; };
		B74D673E21BD54C400E11EC4 /* photo.png */ = {isa = PBXFileReference; lastKnownFileType = image.png; path = photo.png; sourceTree = "<group>"; };
		B74D673F21BD54C400E11EC4 /* raito.png */ = {isa = PBXFileReference; lastKnownFileType = image.png; path = raito.png; sourceTree = "<group>"; };
		B74D674021BD54C400E11EC4 /* time.png */ = {isa = PBXFileReference; lastKnownFileType = image.png; path = time.png; sourceTree = "<group>"; };
		B74D674121BD54C500E11EC4 /* 15s.png */ = {isa = PBXFileReference; lastKnownFileType = image.png; path = 15s.png; sourceTree = "<group>"; };
		B74D674221BD54C500E11EC4 /* 5s.png */ = {isa = PBXFileReference; lastKnownFileType = image.png; path = 5s.png; sourceTree = "<group>"; };
		B74D674321BD54C500E11EC4 /* reverse.png */ = {isa = PBXFileReference; lastKnownFileType = image.png; path = reverse.png; sourceTree = "<group>"; };
		B74D674421BD54C500E11EC4 /* 3s.png */ = {isa = PBXFileReference; lastKnownFileType = image.png; path = 3s.png; sourceTree = "<group>"; };
		B74D675321BD54E500E11EC4 /* TKTopMenu.h */ = {isa = PBXFileReference; fileEncoding = 4; lastKnownFileType = sourcecode.c.h; path = TKTopMenu.h; sourceTree = "<group>"; };
		B74D675421BD54E600E11EC4 /* TKBottomMenuItem.m */ = {isa = PBXFileReference; fileEncoding = 4; lastKnownFileType = sourcecode.c.objc; path = TKBottomMenuItem.m; sourceTree = "<group>"; };
		B74D675521BD54E600E11EC4 /* TKBottomSubMenu.m */ = {isa = PBXFileReference; fileEncoding = 4; lastKnownFileType = sourcecode.c.objc; path = TKBottomSubMenu.m; sourceTree = "<group>"; };
		B74D675621BD54E700E11EC4 /* TKBottomMenu.m */ = {isa = PBXFileReference; fileEncoding = 4; lastKnownFileType = sourcecode.c.objc; path = TKBottomMenu.m; sourceTree = "<group>"; };
		B74D675721BD54E700E11EC4 /* TKTopSubMenuItem.m */ = {isa = PBXFileReference; fileEncoding = 4; lastKnownFileType = sourcecode.c.objc; path = TKTopSubMenuItem.m; sourceTree = "<group>"; };
		B74D675821BD54E800E11EC4 /* TKRootView.m */ = {isa = PBXFileReference; fileEncoding = 4; lastKnownFileType = sourcecode.c.objc; path = TKRootView.m; sourceTree = "<group>"; };
		B74D675921BD54E800E11EC4 /* TKRootView.h */ = {isa = PBXFileReference; fileEncoding = 4; lastKnownFileType = sourcecode.c.h; path = TKRootView.h; sourceTree = "<group>"; };
		B74D675A21BD54E800E11EC4 /* TKTopMenuItem.m */ = {isa = PBXFileReference; fileEncoding = 4; lastKnownFileType = sourcecode.c.objc; path = TKTopMenuItem.m; sourceTree = "<group>"; };
		B74D675B21BD54E900E11EC4 /* TKTopSubMenuItem.h */ = {isa = PBXFileReference; fileEncoding = 4; lastKnownFileType = sourcecode.c.h; path = TKTopSubMenuItem.h; sourceTree = "<group>"; };
		B74D675C21BD54E900E11EC4 /* TKTopMenu.m */ = {isa = PBXFileReference; fileEncoding = 4; lastKnownFileType = sourcecode.c.objc; path = TKTopMenu.m; sourceTree = "<group>"; };
		B74D675D21BD54E900E11EC4 /* TKTopSubViewMenu.m */ = {isa = PBXFileReference; fileEncoding = 4; lastKnownFileType = sourcecode.c.objc; path = TKTopSubViewMenu.m; sourceTree = "<group>"; };
		B74D675E21BD54EA00E11EC4 /* TKBottomSubMenu.h */ = {isa = PBXFileReference; fileEncoding = 4; lastKnownFileType = sourcecode.c.h; path = TKBottomSubMenu.h; sourceTree = "<group>"; };
		B74D675F21BD54EA00E11EC4 /* TKBottomMenuItem.h */ = {isa = PBXFileReference; fileEncoding = 4; lastKnownFileType = sourcecode.c.h; path = TKBottomMenuItem.h; sourceTree = "<group>"; };
		B74D676021BD54EB00E11EC4 /* TKTopSubViewMenu.h */ = {isa = PBXFileReference; fileEncoding = 4; lastKnownFileType = sourcecode.c.h; path = TKTopSubViewMenu.h; sourceTree = "<group>"; };
		B74D676121BD54EB00E11EC4 /* TKBottomMenu.h */ = {isa = PBXFileReference; fileEncoding = 4; lastKnownFileType = sourcecode.c.h; path = TKBottomMenu.h; sourceTree = "<group>"; };
		B74D676221BD54EB00E11EC4 /* TKTopMenuItem.h */ = {isa = PBXFileReference; fileEncoding = 4; lastKnownFileType = sourcecode.c.h; path = TKTopMenuItem.h; sourceTree = "<group>"; };
		B74E611D21C2E5D0003A0E9A /* frame-flower-shakura-10.png */ = {isa = PBXFileReference; lastKnownFileType = image.png; path = "frame-flower-shakura-10.png"; sourceTree = "<group>"; };
		B751913221BA6EC900F64A21 /* TKFilter.h */ = {isa = PBXFileReference; lastKnownFileType = sourcecode.c.h; path = TKFilter.h; sourceTree = "<group>"; };
		B751913321BA6EC900F64A21 /* TKFilter.m */ = {isa = PBXFileReference; lastKnownFileType = sourcecode.c.objc; path = TKFilter.m; sourceTree = "<group>"; };
		B751914021BA79EF00F64A21 /* TKSampleDataPool.h */ = {isa = PBXFileReference; lastKnownFileType = sourcecode.c.h; path = TKSampleDataPool.h; sourceTree = "<group>"; };
		B751914121BA79EF00F64A21 /* TKSampleDataPool.m */ = {isa = PBXFileReference; lastKnownFileType = sourcecode.c.objc; path = TKSampleDataPool.m; sourceTree = "<group>"; };
		B751914321BA80D200F64A21 /* TKFilterProperty.h */ = {isa = PBXFileReference; lastKnownFileType = sourcecode.c.h; path = TKFilterProperty.h; sourceTree = "<group>"; };
		B751914421BA80D200F64A21 /* TKFilterProperty.m */ = {isa = PBXFileReference; lastKnownFileType = sourcecode.c.objc; path = TKFilterProperty.m; sourceTree = "<group>"; };
		B751914C21BA9EEC00F64A21 /* lookup-guardian.png */ = {isa = PBXFileReference; lastKnownFileType = image.png; path = "lookup-guardian.png"; sourceTree = "<group>"; };
		B751914D21BA9EEC00F64A21 /* lookup-summer.png */ = {isa = PBXFileReference; lastKnownFileType = image.png; path = "lookup-summer.png"; sourceTree = "<group>"; };
		B751914E21BA9EED00F64A21 /* lookup-seven.png */ = {isa = PBXFileReference; lastKnownFileType = image.png; path = "lookup-seven.png"; sourceTree = "<group>"; };
		B751915021BA9EED00F64A21 /* lookup-floyd.png */ = {isa = PBXFileReference; lastKnownFileType = image.png; path = "lookup-floyd.png"; sourceTree = "<group>"; };
		B751915121BA9EEE00F64A21 /* lookup-mono cool.png */ = {isa = PBXFileReference; lastKnownFileType = image.png; path = "lookup-mono cool.png"; sourceTree = "<group>"; };
		B751915221BA9EEE00F64A21 /* lookup-fresh.png */ = {isa = PBXFileReference; lastKnownFileType = image.png; path = "lookup-fresh.png"; sourceTree = "<group>"; };
		B751915321BA9EEE00F64A21 /* lookup-indigo.png */ = {isa = PBXFileReference; lastKnownFileType = image.png; path = "lookup-indigo.png"; sourceTree = "<group>"; };
		B751915421BA9EEF00F64A21 /* lookup-linda.png */ = {isa = PBXFileReference; lastKnownFileType = image.png; path = "lookup-linda.png"; sourceTree = "<group>"; };
		B751915621BA9EEF00F64A21 /* lookup-charcoal.png */ = {isa = PBXFileReference; lastKnownFileType = image.png; path = "lookup-charcoal.png"; sourceTree = "<group>"; };
		B751915721BA9EF000F64A21 /* lookup-elizabeth.png */ = {isa = PBXFileReference; lastKnownFileType = image.png; path = "lookup-elizabeth.png"; sourceTree = "<group>"; };
		B751915821BA9EF000F64A21 /* lookup-brooklyn.png */ = {isa = PBXFileReference; lastKnownFileType = image.png; path = "lookup-brooklyn.png"; sourceTree = "<group>"; };
		B751915921BA9EF000F64A21 /* lookup-hipster.png */ = {isa = PBXFileReference; lastKnownFileType = image.png; path = "lookup-hipster.png"; sourceTree = "<group>"; };
		B751915A21BA9EF000F64A21 /* lookup-polaroid.png */ = {isa = PBXFileReference; lastKnownFileType = image.png; path = "lookup-polaroid.png"; sourceTree = "<group>"; };
		B751915B21BA9EF100F64A21 /* lookup-gotham.png */ = {isa = PBXFileReference; lastKnownFileType = image.png; path = "lookup-gotham.png"; sourceTree = "<group>"; };
		B751915C21BA9EF100F64A21 /* lookup-solar.png */ = {isa = PBXFileReference; lastKnownFileType = image.png; path = "lookup-solar.png"; sourceTree = "<group>"; };
		B751915E21BA9EF200F64A21 /* lookup-b & w.png */ = {isa = PBXFileReference; lastKnownFileType = image.png; path = "lookup-b & w.png"; sourceTree = "<group>"; };
		B751915F21BA9EF200F64A21 /* lookup-1971.png */ = {isa = PBXFileReference; lastKnownFileType = image.png; path = "lookup-1971.png"; sourceTree = "<group>"; };
		B751916121BA9EF300F64A21 /* lookup-run.png */ = {isa = PBXFileReference; lastKnownFileType = image.png; path = "lookup-run.png"; sourceTree = "<group>"; };
		B751916221BA9EF300F64A21 /* lookup-mental.png */ = {isa = PBXFileReference; lastKnownFileType = image.png; path = "lookup-mental.png"; sourceTree = "<group>"; };
		B751916321BA9EF400F64A21 /* lookup-saha.png */ = {isa = PBXFileReference; lastKnownFileType = image.png; path = "lookup-saha.png"; sourceTree = "<group>"; };
		B751916421BA9EF400F64A21 /* lookup-robinson.png */ = {isa = PBXFileReference; lastKnownFileType = image.png; path = "lookup-robinson.png"; sourceTree = "<group>"; };
		B751916521BA9EF400F64A21 /* lookup-vintage.png */ = {isa = PBXFileReference; lastKnownFileType = image.png; path = "lookup-vintage.png"; sourceTree = "<group>"; };
		B751916621BA9EF400F64A21 /* lookup-gypsy.png */ = {isa = PBXFileReference; lastKnownFileType = image.png; path = "lookup-gypsy.png"; sourceTree = "<group>"; };
		B751916721BA9EF500F64A21 /* lookup-clarity.png */ = {isa = PBXFileReference; lastKnownFileType = image.png; path = "lookup-clarity.png"; sourceTree = "<group>"; };
		B751916821BA9EF500F64A21 /* lookup-western.png */ = {isa = PBXFileReference; lastKnownFileType = image.png; path = "lookup-western.png"; sourceTree = "<group>"; };
		B751916921BA9EF500F64A21 /* lookup-fashion.png */ = {isa = PBXFileReference; lastKnownFileType = image.png; path = "lookup-fashion.png"; sourceTree = "<group>"; };
		B751916A21BA9EF600F64A21 /* lookup-gray.png */ = {isa = PBXFileReference; lastKnownFileType = image.png; path = "lookup-gray.png"; sourceTree = "<group>"; };
		B751916B21BA9EF600F64A21 /* lookup-selena.png */ = {isa = PBXFileReference; lastKnownFileType = image.png; path = "lookup-selena.png"; sourceTree = "<group>"; };
		B751916C21BA9EF600F64A21 /* lookup-feel.png */ = {isa = PBXFileReference; lastKnownFileType = image.png; path = "lookup-feel.png"; sourceTree = "<group>"; };
		B75279CC21A1730400A59714 /* TKTextureUtilities.h */ = {isa = PBXFileReference; lastKnownFileType = sourcecode.c.h; path = TKTextureUtilities.h; sourceTree = "<group>"; };
		B75279CD21A1A73E00A59714 /* TKTextureUtilities.c */ = {isa = PBXFileReference; lastKnownFileType = sourcecode.c.c; path = TKTextureUtilities.c; sourceTree = "<group>"; };
		B75279D521A2001E00A59714 /* GPUImageStickerFilter.mm */ = {isa = PBXFileReference; fileEncoding = 4; lastKnownFileType = sourcecode.cpp.objcpp; path = GPUImageStickerFilter.mm; sourceTree = "<group>"; };
		B75279D721A2003700A59714 /* GPUImageStickerFilter.h */ = {isa = PBXFileReference; lastKnownFileType = sourcecode.c.h; path = GPUImageStickerFilter.h; sourceTree = "<group>"; };
		B7558A5A21B8604A0045BBD7 /* TKImageInput.h */ = {isa = PBXFileReference; lastKnownFileType = sourcecode.c.h; path = TKImageInput.h; sourceTree = "<group>"; };
		B7558A5B21B8604A0045BBD7 /* TKImageInput.m */ = {isa = PBXFileReference; lastKnownFileType = sourcecode.c.objc; path = TKImageInput.m; sourceTree = "<group>"; };
		B75C332921B4064F006BEED5 /* StickerEditController.cpp */ = {isa = PBXFileReference; lastKnownFileType = sourcecode.cpp.cpp; path = StickerEditController.cpp; sourceTree = "<group>"; };
		B75C332A21B4064F006BEED5 /* StickerEditController.h */ = {isa = PBXFileReference; lastKnownFileType = sourcecode.c.h; path = StickerEditController.h; sourceTree = "<group>"; };
		B75C332D21B40D44006BEED5 /* StickerType.h */ = {isa = PBXFileReference; lastKnownFileType = sourcecode.c.h; path = StickerType.h; sourceTree = "<group>"; };
		B75C333021B432C2006BEED5 /* PanGestureRecognizer.cpp */ = {isa = PBXFileReference; fileEncoding = 4; lastKnownFileType = sourcecode.cpp.cpp; path = PanGestureRecognizer.cpp; sourceTree = "<group>"; };
		B75C333121B432C2006BEED5 /* TapGestureRecognizer.cpp */ = {isa = PBXFileReference; fileEncoding = 4; lastKnownFileType = sourcecode.cpp.cpp; path = TapGestureRecognizer.cpp; sourceTree = "<group>"; };
		B75C333221B432C2006BEED5 /* PanGestureRecognizer.h */ = {isa = PBXFileReference; fileEncoding = 4; lastKnownFileType = sourcecode.c.h; path = PanGestureRecognizer.h; sourceTree = "<group>"; };
		B75C333321B432C2006BEED5 /* GestureRecognizerUtils.h */ = {isa = PBXFileReference; fileEncoding = 4; lastKnownFileType = sourcecode.c.h; path = GestureRecognizerUtils.h; sourceTree = "<group>"; };
		B75C333421B432C2006BEED5 /* GestureRecognizerUtils.cpp */ = {isa = PBXFileReference; fileEncoding = 4; lastKnownFileType = sourcecode.cpp.cpp; path = GestureRecognizerUtils.cpp; sourceTree = "<group>"; };
		B75C333521B432C2006BEED5 /* GestureRecognizer.h */ = {isa = PBXFileReference; fileEncoding = 4; lastKnownFileType = sourcecode.c.h; path = GestureRecognizer.h; sourceTree = "<group>"; };
		B75C333621B432C2006BEED5 /* PinchGestureRecognizer.cpp */ = {isa = PBXFileReference; fileEncoding = 4; lastKnownFileType = sourcecode.cpp.cpp; path = PinchGestureRecognizer.cpp; sourceTree = "<group>"; };
		B75C333721B432C2006BEED5 /* LongPressGestureRecognizer.cpp */ = {isa = PBXFileReference; fileEncoding = 4; lastKnownFileType = sourcecode.cpp.cpp; path = LongPressGestureRecognizer.cpp; sourceTree = "<group>"; };
		B75C333821B432C2006BEED5 /* PinchGestureRecognizer.h */ = {isa = PBXFileReference; fileEncoding = 4; lastKnownFileType = sourcecode.c.h; path = PinchGestureRecognizer.h; sourceTree = "<group>"; };
		B75C333921B432C2006BEED5 /* SwipeGestureRecognizer.cpp */ = {isa = PBXFileReference; fileEncoding = 4; lastKnownFileType = sourcecode.cpp.cpp; path = SwipeGestureRecognizer.cpp; sourceTree = "<group>"; };
		B75C333A21B432C2006BEED5 /* LongPressGestureRecognizer.h */ = {isa = PBXFileReference; fileEncoding = 4; lastKnownFileType = sourcecode.c.h; path = LongPressGestureRecognizer.h; sourceTree = "<group>"; };
		B75C333B21B432C2006BEED5 /* GestureRecognizer.cpp */ = {isa = PBXFileReference; fileEncoding = 4; lastKnownFileType = sourcecode.cpp.cpp; path = GestureRecognizer.cpp; sourceTree = "<group>"; };
		B75C333C21B432C2006BEED5 /* SwipeGestureRecognizer.h */ = {isa = PBXFileReference; fileEncoding = 4; lastKnownFileType = sourcecode.c.h; path = SwipeGestureRecognizer.h; sourceTree = "<group>"; };
		B75C333D21B432C2006BEED5 /* TapGestureRecognizer.h */ = {isa = PBXFileReference; fileEncoding = 4; lastKnownFileType = sourcecode.c.h; path = TapGestureRecognizer.h; sourceTree = "<group>"; };
		B76036F921C0410C00A85F16 /* frames-xmas-5-bot.png */ = {isa = PBXFileReference; lastKnownFileType = image.png; path = "frames-xmas-5-bot.png"; sourceTree = "<group>"; };
		B76036FA21C0410C00A85F16 /* frames-xmas-5-top.png */ = {isa = PBXFileReference; lastKnownFileType = image.png; path = "frames-xmas-5-top.png"; sourceTree = "<group>"; };
		B767ED8421B545C400CE264A /* TKStickerPreviewer.h */ = {isa = PBXFileReference; lastKnownFileType = sourcecode.c.h; path = TKStickerPreviewer.h; sourceTree = "<group>"; };
		B767ED8521B545C400CE264A /* TKStickerPreviewer.mm */ = {isa = PBXFileReference; lastKnownFileType = sourcecode.cpp.objcpp; path = TKStickerPreviewer.mm; sourceTree = "<group>"; };
		B767ED8B21B54F2C00CE264A /* CameraViewController.h */ = {isa = PBXFileReference; lastKnownFileType = sourcecode.c.h; path = CameraViewController.h; sourceTree = "<group>"; };
		B767ED8C21B54F2C00CE264A /* CameraViewController.mm */ = {isa = PBXFileReference; lastKnownFileType = sourcecode.cpp.objcpp; path = CameraViewController.mm; sourceTree = "<group>"; };
		B767ED9B21B5BECE00CE264A /* TKImageFilter.h */ = {isa = PBXFileReference; lastKnownFileType = sourcecode.c.h; path = TKImageFilter.h; sourceTree = "<group>"; };
		B767ED9C21B5BECE00CE264A /* TKImageFilter.m */ = {isa = PBXFileReference; lastKnownFileType = sourcecode.c.objc; path = TKImageFilter.m; sourceTree = "<group>"; };
		B7B8522C21C0490B005A3F3B /* cocos2d_lua_bindings.xcodeproj */ = {isa = PBXFileReference; lastKnownFileType = "wrapper.pb-project"; name = cocos2d_lua_bindings.xcodeproj; path = "cocos2d-x/cocos/scripting/lua-bindings/proj.ios_mac/cocos2d_lua_bindings.xcodeproj"; sourceTree = "<group>"; };
		B7B8523F21C04C9C005A3F3B /* CFNetwork.framework */ = {isa = PBXFileReference; lastKnownFileType = wrapper.framework; name = CFNetwork.framework; path = System/Library/Frameworks/CFNetwork.framework; sourceTree = SDKROOT; };
		B7B8524121C04CC1005A3F3B /* MediaPlayer.framework */ = {isa = PBXFileReference; lastKnownFileType = wrapper.framework; name = MediaPlayer.framework; path = System/Library/Frameworks/MediaPlayer.framework; sourceTree = SDKROOT; };
		B7E738AE21C6D70500932ABD /* UIDevice+DeviceName.h */ = {isa = PBXFileReference; lastKnownFileType = sourcecode.c.h; path = "UIDevice+DeviceName.h"; sourceTree = "<group>"; };
		B7E738AF21C6D70500932ABD /* UIDevice+DeviceName.m */ = {isa = PBXFileReference; lastKnownFileType = sourcecode.c.objc; path = "UIDevice+DeviceName.m"; sourceTree = "<group>"; };
		B7E738B721C6D70500932ABD /* UIView+Delegate.h */ = {isa = PBXFileReference; lastKnownFileType = sourcecode.c.h; path = "UIView+Delegate.h"; sourceTree = "<group>"; };
		B7E738B821C6D70500932ABD /* UIView+Delegate.m */ = {isa = PBXFileReference; lastKnownFileType = sourcecode.c.objc; path = "UIView+Delegate.m"; sourceTree = "<group>"; };
/* End PBXFileReference section */

/* Begin PBXFrameworksBuildPhase section */
		B70BD4352196C634000A4EBF /* Frameworks */ = {
			isa = PBXFrameworksBuildPhase;
			buildActionMask = 2147483647;
			files = (
				B7B8524221C04CC1005A3F3B /* MediaPlayer.framework in Frameworks */,
				B7B8524021C04C9C005A3F3B /* CFNetwork.framework in Frameworks */,
				B7B8523E21C04C4F005A3F3B /* libluacocos2d iOS.a in Frameworks */,
				B717051421985698006409F0 /* Photos.framework in Frameworks */,
				B70BD4832196C7E7000A4EBF /* libGPUImage.a in Frameworks */,
				B70BD4782196C796000A4EBF /* AudioToolbox.framework in Frameworks */,
				B70BD4762196C78F000A4EBF /* AVFoundation.framework in Frameworks */,
				B70BD4742196C788000A4EBF /* OpenAL.framework in Frameworks */,
				B70BD4722196C782000A4EBF /* QuartzCore.framework in Frameworks */,
				B70BD4702196C77B000A4EBF /* libz.tbd in Frameworks */,
				B70BD46E2196C774000A4EBF /* OpenGLES.framework in Frameworks */,
				B70BD46C2196C76F000A4EBF /* CoreGraphics.framework in Frameworks */,
				B70BD46A2196C768000A4EBF /* UIKit.framework in Frameworks */,
				B70BD4682196C762000A4EBF /* Foundation.framework in Frameworks */,
				B70BD4662196C75B000A4EBF /* CoreMotion.framework in Frameworks */,
				B70BD4642196C754000A4EBF /* Security.framework in Frameworks */,
				B70BD4622196C74F000A4EBF /* libiconv.tbd in Frameworks */,
				B70BD4602196C748000A4EBF /* CoreText.framework in Frameworks */,
				B70BD45E2196C73B000A4EBF /* libcocos2d iOS.a in Frameworks */,
			);
			runOnlyForDeploymentPostprocessing = 0;
		};
/* End PBXFrameworksBuildPhase section */

/* Begin PBXGroup section */
		B70BD42F2196C634000A4EBF = {
			isa = PBXGroup;
			children = (
				B70BD4512196C6AC000A4EBF /* Frameworks */,
				B70BD43A2196C634000A4EBF /* Tikky */,
				B70BD4392196C634000A4EBF /* Products */,
			);
			sourceTree = "<group>";
		};
		B70BD4392196C634000A4EBF /* Products */ = {
			isa = PBXGroup;
			children = (
				B70BD4382196C634000A4EBF /* Tikky.app */,
			);
			name = Products;
			sourceTree = "<group>";
		};
		B70BD43A2196C634000A4EBF /* Tikky */ = {
			isa = PBXGroup;
			children = (
				B751913D21BA71C200F64A21 /* AdditionalClass */,
				B751913921BA714700F64A21 /* TikkyClass */,
				B70BD4962196CC6F000A4EBF /* Resources */,
				B70BD48A2196C90F000A4EBF /* Prefix.pch */,
				B70BD43B2196C634000A4EBF /* AppDelegate.h */,
				B70BD43C2196C634000A4EBF /* AppDelegate.mm */,
				B70BD4412196C634000A4EBF /* Main.storyboard */,
				B70BD4442196C636000A4EBF /* Assets.xcassets */,
				B70BD4462196C636000A4EBF /* LaunchScreen.storyboard */,
				B70BD4492196C636000A4EBF /* Info.plist */,
				B70BD44A2196C636000A4EBF /* main.m */,
			);
			path = Tikky;
			sourceTree = "<group>";
		};
		B70BD4512196C6AC000A4EBF /* Frameworks */ = {
			isa = PBXGroup;
			children = (
				B7B8522C21C0490B005A3F3B /* cocos2d_lua_bindings.xcodeproj */,
				B70BD4522196C6EA000A4EBF /* cocos2d_libs.xcodeproj */,
				B70BD4792196C7C7000A4EBF /* GPUImage.xcodeproj */,
				B70BD4772196C796000A4EBF /* AudioToolbox.framework */,
				B7B8524121C04CC1005A3F3B /* MediaPlayer.framework */,
				B7B8523F21C04C9C005A3F3B /* CFNetwork.framework */,
				B70BD4752196C78F000A4EBF /* AVFoundation.framework */,
				B70BD4732196C787000A4EBF /* OpenAL.framework */,
				B70BD4712196C782000A4EBF /* QuartzCore.framework */,
				B70BD46F2196C77B000A4EBF /* libz.tbd */,
				B70BD46D2196C774000A4EBF /* OpenGLES.framework */,
				B70BD46B2196C76F000A4EBF /* CoreGraphics.framework */,
				B70BD4692196C768000A4EBF /* UIKit.framework */,
				B70BD4672196C762000A4EBF /* Foundation.framework */,
				B70BD4652196C75B000A4EBF /* CoreMotion.framework */,
				B70BD4632196C754000A4EBF /* Security.framework */,
				B70BD4612196C74F000A4EBF /* libiconv.tbd */,
				B717051321985697006409F0 /* Photos.framework */,
				B70BD45F2196C748000A4EBF /* CoreText.framework */,
			);
			path = Frameworks;
			sourceTree = "<group>";
		};
		B70BD4532196C6EA000A4EBF /* Products */ = {
			isa = PBXGroup;
			children = (
				B70BD4592196C6EA000A4EBF /* libcocos2d Mac.a */,
				B70BD45B2196C6EA000A4EBF /* libcocos2d iOS.a */,
				B70BD45D2196C6EA000A4EBF /* libcocos2d tvOS.a */,
			);
			name = Products;
			sourceTree = "<group>";
		};
		B70BD47A2196C7C7000A4EBF /* Products */ = {
			isa = PBXGroup;
			children = (
				B70BD4802196C7C8000A4EBF /* libGPUImage.a */,
				B70BD4822196C7C8000A4EBF /* GPUImage.framework */,
			);
			name = Products;
			sourceTree = "<group>";
		};
		B70BD4912196C91D000A4EBF /* GameController */ = {
			isa = PBXGroup;
			children = (
				B70BD4932196C91D000A4EBF /* Cocos2dxGameController.h */,
				B70BD4922196C91D000A4EBF /* Cocos2dxGameController.mm */,
			);
			path = GameController;
			sourceTree = "<group>";
		};
		B70BD4962196CC6F000A4EBF /* Resources */ = {
			isa = PBXGroup;
			children = (
				B76036F421C040FF00A85F16 /* Frames */,
				B74AA87821BB0FD500D63E19 /* Stickers */,
				B751914921BA9D9500F64A21 /* Lookups */,
				B71B137F21B9B9E000DE1796 /* ViewComponents */,
			);
			path = Resources;
			sourceTree = "<group>";
		};
		B70E0F9121B9545600012236 /* Presentation */ = {
			isa = PBXGroup;
			children = (
				B767ED8B21B54F2C00CE264A /* CameraViewController.h */,
				B767ED8C21B54F2C00CE264A /* CameraViewController.mm */,
				B70E0F9821B9545600012236 /* Views */,
			);
			path = Presentation;
			sourceTree = "<group>";
		};
		B70E0F9821B9545600012236 /* Views */ = {
			isa = PBXGroup;
			children = (
				B74D676121BD54EB00E11EC4 /* TKBottomMenu.h */,
				B74D675621BD54E700E11EC4 /* TKBottomMenu.m */,
				B74D675F21BD54EA00E11EC4 /* TKBottomMenuItem.h */,
				B74D675421BD54E600E11EC4 /* TKBottomMenuItem.m */,
				B74D675E21BD54EA00E11EC4 /* TKBottomSubMenu.h */,
				B74D675521BD54E600E11EC4 /* TKBottomSubMenu.m */,
				B74D675921BD54E800E11EC4 /* TKRootView.h */,
				B74D675821BD54E800E11EC4 /* TKRootView.m */,
				B74D675321BD54E500E11EC4 /* TKTopMenu.h */,
				B74D675C21BD54E900E11EC4 /* TKTopMenu.m */,
				B74D676221BD54EB00E11EC4 /* TKTopMenuItem.h */,
				B74D675A21BD54E800E11EC4 /* TKTopMenuItem.m */,
				B74D675B21BD54E900E11EC4 /* TKTopSubMenuItem.h */,
				B74D675721BD54E700E11EC4 /* TKTopSubMenuItem.m */,
				B74D676021BD54EB00E11EC4 /* TKTopSubViewMenu.h */,
				B74D675D21BD54E900E11EC4 /* TKTopSubViewMenu.m */,
			);
			path = Views;
			sourceTree = "<group>";
		};
		B7107D0221BEE7BC00FEE948 /* Input */ = {
			isa = PBXGroup;
			children = (
				B7558A5A21B8604A0045BBD7 /* TKImageInput.h */,
				B7558A5B21B8604A0045BBD7 /* TKImageInput.m */,
				B7107D0321BEE81800FEE948 /* TKCamera.h */,
				B7107D0421BEE81800FEE948 /* TKCamera.m */,
				B7107D0621BEE82200FEE948 /* TKPhoto.h */,
				B7107D0721BEE82200FEE948 /* TKPhoto.m */,
				B7107D0921BEE84400FEE948 /* TKVideo.h */,
				B7107D0A21BEE84400FEE948 /* TKVideo.m */,
			);
			path = Input;
			sourceTree = "<group>";
		};
		B71B137F21B9B9E000DE1796 /* ViewComponents */ = {
			isa = PBXGroup;
			children = (
				B74D673421BD548100E11EC4 /* GUI */,
				B74D672F21BD542300E11EC4 /* StickerUI */,
			);
			path = ViewComponents;
			sourceTree = "<group>";
		};
		B746990521C1F5EF00711F0E /* frame-flower-shakura */ = {
			isa = PBXGroup;
			children = (
				B746990A21C1F5EF00711F0E /* frame-flower-shakura-0.png */,
				B746990B21C1F5EF00711F0E /* frame-flower-shakura-0.lua */,
				B746990D21C1F5EF00711F0E /* frame-flower-shakura-1.png */,
				B746990C21C1F5EF00711F0E /* frame-flower-shakura-1.lua */,
				B746990921C1F5EF00711F0E /* frame-flower-shakura-2.png */,
				B746990821C1F5EF00711F0E /* frame-flower-shakura-2.lua */,
				B746990621C1F5EF00711F0E /* frame-flower-shakura-3.png */,
				B746990721C1F5EF00711F0E /* frame-flower-shakura-3.lua */,
				B746991121C1F5EF00711F0E /* frame-flower-shakura-4.png */,
				B746991021C1F5EF00711F0E /* frame-flower-shakura-4.lua */,
				B746990E21C1F5EF00711F0E /* frame-flower-shakura-5.png */,
				B746990F21C1F5EF00711F0E /* frame-flower-shakura-5.lua */,
				B746991221C1F5EF00711F0E /* frame-flower-shakura-6.png */,
				B746991321C1F5EF00711F0E /* frame-flower-shakura-6.lua */,
				B746991521C1F5EF00711F0E /* frame-flower-shakura-7.png */,
				B746991421C1F5EF00711F0E /* frame-flower-shakura-7.lua */,
				B746991D21C1F5EF00711F0E /* frame-flower-shakura-8.png */,
				B746991A21C1F5EF00711F0E /* frame-flower-shakura-8.lua */,
				B746991621C1F5EF00711F0E /* frame-flower-shakura-9.png */,
				B746991921C1F5EF00711F0E /* frame-flower-shakura-9.lua */,
				B74E611D21C2E5D0003A0E9A /* frame-flower-shakura-10.png */,
				B746991721C1F5EF00711F0E /* frame-flower-shakura-10.lua */,
				B746991B21C1F5EF00711F0E /* frame-flower-shakura-11.png */,
				B746991C21C1F5EF00711F0E /* frame-flower-shakura-11.lua */,
				B746991E21C1F5EF00711F0E /* frame-flower-shakura-thumb.png */,
			);
			path = "frame-flower-shakura";
			sourceTree = "<group>";
		};
		B749AC9221C7E47600A7360D /* Extensions */ = {
			isa = PBXGroup;
			children = (
				B7E738B721C6D70500932ABD /* UIView+Delegate.h */,
				B7E738B821C6D70500932ABD /* UIView+Delegate.m */,
				B7E738AE21C6D70500932ABD /* UIDevice+DeviceName.h */,
				B7E738AF21C6D70500932ABD /* UIDevice+DeviceName.m */,
			);
			path = Extensions;
			sourceTree = "<group>";
		};
		B74AA87821BB0FD500D63E19 /* Stickers */ = {
			isa = PBXGroup;
			children = (
				B70FDCB821BB1AE500FCCF8D /* sticker-astronaut.png */,
				B70FDCB621BB1AE200FCCF8D /* sticker-funny-king.png */,
				B70FDCB421BB1ADC00FCCF8D /* sticker-mario.png */,
				B70FDCB121BB16AC00FCCF8D /* sticker-panda.png */,
			);
			path = Stickers;
			sourceTree = "<group>";
		};
		B74D672F21BD542300E11EC4 /* StickerUI */ = {
			isa = PBXGroup;
			children = (
				B71850B921B462BB00F66171 /* recyclingbin.png */,
			);
			path = StickerUI;
			sourceTree = "<group>";
		};
		B74D673421BD548100E11EC4 /* GUI */ = {
			isa = PBXGroup;
			children = (
				B74D674421BD54C500E11EC4 /* 3s.png */,
				B74D674221BD54C500E11EC4 /* 5s.png */,
				B74D673A21BD54C300E11EC4 /* 10s.png */,
				B74D674121BD54C500E11EC4 /* 15s.png */,
				B74D673821BD54C200E11EC4 /* capture.png */,
				B74D673C21BD54C300E11EC4 /* emoji.png */,
				B74D673921BD54C200E11EC4 /* filter.png */,
				B74D673721BD54C100E11EC4 /* flash.png */,
				B74D673B21BD54C300E11EC4 /* frame.png */,
				B74D673D21BD54C300E11EC4 /* more.png */,
				B74D673E21BD54C400E11EC4 /* photo.png */,
				B74D673F21BD54C400E11EC4 /* raito.png */,
				B74D674321BD54C500E11EC4 /* reverse.png */,
				B74D674021BD54C400E11EC4 /* time.png */,
			);
			path = GUI;
			sourceTree = "<group>";
		};
		B751913921BA714700F64A21 /* TikkyClass */ = {
			isa = PBXGroup;
			children = (
				B749AC9221C7E47600A7360D /* Extensions */,
				B751913C21BA71AF00F64A21 /* Utilities */,
				B751913B21BA71A900F64A21 /* Data */,
				B751913A21BA717300F64A21 /* Core */,
				B70E0F9121B9545600012236 /* Presentation */,
			);
			path = TikkyClass;
			sourceTree = "<group>";
		};
		B751913A21BA717300F64A21 /* Core */ = {
			isa = PBXGroup;
			children = (
				B7107D0C21BEE93900FEE948 /* Tikky.h */,
				B70BD43E2196C634000A4EBF /* TikkyEngine.h */,
				B70BD43F2196C634000A4EBF /* TikkyEngine.mm */,
				B767ED8421B545C400CE264A /* TKStickerPreviewer.h */,
				B767ED8521B545C400CE264A /* TKStickerPreviewer.mm */,
				B767ED9B21B5BECE00CE264A /* TKImageFilter.h */,
				B767ED9C21B5BECE00CE264A /* TKImageFilter.m */,
				B751913221BA6EC900F64A21 /* TKFilter.h */,
				B751913321BA6EC900F64A21 /* TKFilter.m */,
				B751914321BA80D200F64A21 /* TKFilterProperty.h */,
				B751914421BA80D200F64A21 /* TKFilterProperty.m */,
				B7107D0221BEE7BC00FEE948 /* Input */,
			);
			path = Core;
			sourceTree = "<group>";
		};
		B751913B21BA71A900F64A21 /* Data */ = {
			isa = PBXGroup;
			children = (
				B751914021BA79EF00F64A21 /* TKSampleDataPool.h */,
				B751914121BA79EF00F64A21 /* TKSampleDataPool.m */,
			);
			path = Data;
			sourceTree = "<group>";
		};
		B751913C21BA71AF00F64A21 /* Utilities */ = {
			isa = PBXGroup;
			children = (
				B75279CC21A1730400A59714 /* TKTextureUtilities.h */,
				B75279CD21A1A73E00A59714 /* TKTextureUtilities.c */,
				B7107CFF21BEE05300FEE948 /* TKUtilities.h */,
				B7107D0021BEE05300FEE948 /* TKUtilities.m */,
			);
			path = Utilities;
			sourceTree = "<group>";
		};
		B751913D21BA71C200F64A21 /* AdditionalClass */ = {
			isa = PBXGroup;
			children = (
				B751913F21BA71F100F64A21 /* GPUImage */,
				B751913E21BA71EA00F64A21 /* Cocos2dx */,
			);
			path = AdditionalClass;
			sourceTree = "<group>";
		};
		B751913E21BA71EA00F64A21 /* Cocos2dx */ = {
			isa = PBXGroup;
			children = (
				B774E4EB21B2F7F100446A06 /* CppCodes */,
				B70BD4912196C91D000A4EBF /* GameController */,
			);
			path = Cocos2dx;
			sourceTree = "<group>";
		};
		B751913F21BA71F100F64A21 /* GPUImage */ = {
			isa = PBXGroup;
			children = (
				B71B138221B9C1A800DE1796 /* GPUImageLUTFilter.h */,
				B71B138321B9C1A900DE1796 /* GPUImageLUTFilter.m */,
				B75279D721A2003700A59714 /* GPUImageStickerFilter.h */,
				B75279D521A2001E00A59714 /* GPUImageStickerFilter.mm */,
			);
			path = GPUImage;
			sourceTree = "<group>";
		};
		B751914921BA9D9500F64A21 /* Lookups */ = {
			isa = PBXGroup;
			children = (
				B74AAB14219FE79C006DF9B0 /* lookup-amatorka.png */,
				B751915F21BA9EF200F64A21 /* lookup-1971.png */,
				B751915E21BA9EF200F64A21 /* lookup-b & w.png */,
				B751915821BA9EF000F64A21 /* lookup-brooklyn.png */,
				B751915621BA9EEF00F64A21 /* lookup-charcoal.png */,
				B751916721BA9EF500F64A21 /* lookup-clarity.png */,
				B751915721BA9EF000F64A21 /* lookup-elizabeth.png */,
				B751916921BA9EF500F64A21 /* lookup-fashion.png */,
				B751916C21BA9EF600F64A21 /* lookup-feel.png */,
				B751915021BA9EED00F64A21 /* lookup-floyd.png */,
				B751915221BA9EEE00F64A21 /* lookup-fresh.png */,
				B751915B21BA9EF100F64A21 /* lookup-gotham.png */,
				B751916A21BA9EF600F64A21 /* lookup-gray.png */,
				B751914C21BA9EEC00F64A21 /* lookup-guardian.png */,
				B751916621BA9EF400F64A21 /* lookup-gypsy.png */,
				B751915921BA9EF000F64A21 /* lookup-hipster.png */,
				B751915321BA9EEE00F64A21 /* lookup-indigo.png */,
				B751915421BA9EEF00F64A21 /* lookup-linda.png */,
				B751916221BA9EF300F64A21 /* lookup-mental.png */,
				B751915121BA9EEE00F64A21 /* lookup-mono cool.png */,
				B751915A21BA9EF000F64A21 /* lookup-polaroid.png */,
				B751916421BA9EF400F64A21 /* lookup-robinson.png */,
				B751916121BA9EF300F64A21 /* lookup-run.png */,
				B751916321BA9EF400F64A21 /* lookup-saha.png */,
				B751916B21BA9EF600F64A21 /* lookup-selena.png */,
				B751914E21BA9EED00F64A21 /* lookup-seven.png */,
				B751915C21BA9EF100F64A21 /* lookup-solar.png */,
				B751914D21BA9EEC00F64A21 /* lookup-summer.png */,
				B751916521BA9EF400F64A21 /* lookup-vintage.png */,
				B751916821BA9EF500F64A21 /* lookup-western.png */,
			);
			path = Lookups;
			sourceTree = "<group>";
		};
		B75C332F21B432C2006BEED5 /* Gestures */ = {
			isa = PBXGroup;
			children = (
				B75C333521B432C2006BEED5 /* GestureRecognizer.h */,
				B75C333B21B432C2006BEED5 /* GestureRecognizer.cpp */,
				B75C333221B432C2006BEED5 /* PanGestureRecognizer.h */,
				B75C333021B432C2006BEED5 /* PanGestureRecognizer.cpp */,
				B75C333D21B432C2006BEED5 /* TapGestureRecognizer.h */,
				B75C333121B432C2006BEED5 /* TapGestureRecognizer.cpp */,
				B75C333321B432C2006BEED5 /* GestureRecognizerUtils.h */,
				B75C333421B432C2006BEED5 /* GestureRecognizerUtils.cpp */,
				B75C333821B432C2006BEED5 /* PinchGestureRecognizer.h */,
				B75C333621B432C2006BEED5 /* PinchGestureRecognizer.cpp */,
				B75C333A21B432C2006BEED5 /* LongPressGestureRecognizer.h */,
				B75C333721B432C2006BEED5 /* LongPressGestureRecognizer.cpp */,
				B75C333C21B432C2006BEED5 /* SwipeGestureRecognizer.h */,
				B75C333921B432C2006BEED5 /* SwipeGestureRecognizer.cpp */,
			);
			path = Gestures;
			sourceTree = "<group>";
		};
		B76036F421C040FF00A85F16 /* Frames */ = {
			isa = PBXGroup;
			children = (
				B746990521C1F5EF00711F0E /* frame-flower-shakura */,
				B76036F921C0410C00A85F16 /* frames-xmas-5-bot.png */,
				B76036FA21C0410C00A85F16 /* frames-xmas-5-top.png */,
			);
			path = Frames;
			sourceTree = "<group>";
		};
		B774E4EB21B2F7F100446A06 /* CppCodes */ = {
			isa = PBXGroup;
			children = (
				B75C332F21B432C2006BEED5 /* Gestures */,
				B70BD4892196C90E000A4EBF /* CCAppDelegate.h */,
				B70BD48C2196C913000A4EBF /* CCAppDelegate.cpp */,
				B70BD4882196C90C000A4EBF /* StickerScene.h */,
				B70BD48B2196C911000A4EBF /* StickerScene.cpp */,
				B75C332A21B4064F006BEED5 /* StickerEditController.h */,
				B75C332921B4064F006BEED5 /* StickerEditController.cpp */,
				B75C332D21B40D44006BEED5 /* StickerType.h */,
			);
			path = CppCodes;
			sourceTree = "<group>";
		};
		B7B8522D21C0490B005A3F3B /* Products */ = {
			isa = PBXGroup;
			children = (
				B7B8523521C0490B005A3F3B /* libluacocos2d Mac.a */,
				B7B8523721C0490B005A3F3B /* libluacocos2d iOS.a */,
				B7B8523921C0490B005A3F3B /* libluacocos2d tvOS.a */,
			);
			name = Products;
			sourceTree = "<group>";
		};
/* End PBXGroup section */

/* Begin PBXNativeTarget section */
		B70BD4372196C634000A4EBF /* Tikky */ = {
			isa = PBXNativeTarget;
			buildConfigurationList = B70BD44E2196C636000A4EBF /* Build configuration list for PBXNativeTarget "Tikky" */;
			buildPhases = (
				B70BD4342196C634000A4EBF /* Sources */,
				B70BD4352196C634000A4EBF /* Frameworks */,
				B70BD4362196C634000A4EBF /* Resources */,
			);
			buildRules = (
			);
			dependencies = (
				B7B8523D21C04918005A3F3B /* PBXTargetDependency */,
				B70BD4872196C7F5000A4EBF /* PBXTargetDependency */,
				B70BD4852196C7F2000A4EBF /* PBXTargetDependency */,
			);
			name = Tikky;
			productName = Tikky;
			productReference = B70BD4382196C634000A4EBF /* Tikky.app */;
			productType = "com.apple.product-type.application";
		};
/* End PBXNativeTarget section */

/* Begin PBXProject section */
		B70BD4302196C634000A4EBF /* Project object */ = {
			isa = PBXProject;
			attributes = {
				LastUpgradeCheck = 1010;
				ORGANIZATIONNAME = "Le Hoang Vu";
				TargetAttributes = {
					B70BD4372196C634000A4EBF = {
						CreatedOnToolsVersion = 10.1;
					};
				};
			};
			buildConfigurationList = B70BD4332196C634000A4EBF /* Build configuration list for PBXProject "Tikky" */;
			compatibilityVersion = "Xcode 9.3";
			developmentRegion = en;
			hasScannedForEncodings = 0;
			knownRegions = (
				en,
				Base,
			);
			mainGroup = B70BD42F2196C634000A4EBF;
			productRefGroup = B70BD4392196C634000A4EBF /* Products */;
			projectDirPath = "";
			projectReferences = (
				{
					ProductGroup = B70BD4532196C6EA000A4EBF /* Products */;
					ProjectRef = B70BD4522196C6EA000A4EBF /* cocos2d_libs.xcodeproj */;
				},
				{
					ProductGroup = B7B8522D21C0490B005A3F3B /* Products */;
					ProjectRef = B7B8522C21C0490B005A3F3B /* cocos2d_lua_bindings.xcodeproj */;
				},
				{
					ProductGroup = B70BD47A2196C7C7000A4EBF /* Products */;
					ProjectRef = B70BD4792196C7C7000A4EBF /* GPUImage.xcodeproj */;
				},
			);
			projectRoot = "";
			targets = (
				B70BD4372196C634000A4EBF /* Tikky */,
			);
		};
/* End PBXProject section */

/* Begin PBXReferenceProxy section */
		B70BD4592196C6EA000A4EBF /* libcocos2d Mac.a */ = {
			isa = PBXReferenceProxy;
			fileType = archive.ar;
			path = "libcocos2d Mac.a";
			remoteRef = B70BD4582196C6EA000A4EBF /* PBXContainerItemProxy */;
			sourceTree = BUILT_PRODUCTS_DIR;
		};
		B70BD45B2196C6EA000A4EBF /* libcocos2d iOS.a */ = {
			isa = PBXReferenceProxy;
			fileType = archive.ar;
			path = "libcocos2d iOS.a";
			remoteRef = B70BD45A2196C6EA000A4EBF /* PBXContainerItemProxy */;
			sourceTree = BUILT_PRODUCTS_DIR;
		};
		B70BD45D2196C6EA000A4EBF /* libcocos2d tvOS.a */ = {
			isa = PBXReferenceProxy;
			fileType = archive.ar;
			path = "libcocos2d tvOS.a";
			remoteRef = B70BD45C2196C6EA000A4EBF /* PBXContainerItemProxy */;
			sourceTree = BUILT_PRODUCTS_DIR;
		};
		B70BD4802196C7C8000A4EBF /* libGPUImage.a */ = {
			isa = PBXReferenceProxy;
			fileType = archive.ar;
			path = libGPUImage.a;
			remoteRef = B70BD47F2196C7C8000A4EBF /* PBXContainerItemProxy */;
			sourceTree = BUILT_PRODUCTS_DIR;
		};
		B70BD4822196C7C8000A4EBF /* GPUImage.framework */ = {
			isa = PBXReferenceProxy;
			fileType = wrapper.framework;
			path = GPUImage.framework;
			remoteRef = B70BD4812196C7C8000A4EBF /* PBXContainerItemProxy */;
			sourceTree = BUILT_PRODUCTS_DIR;
		};
		B7B8523521C0490B005A3F3B /* libluacocos2d Mac.a */ = {
			isa = PBXReferenceProxy;
			fileType = archive.ar;
			path = "libluacocos2d Mac.a";
			remoteRef = B7B8523421C0490B005A3F3B /* PBXContainerItemProxy */;
			sourceTree = BUILT_PRODUCTS_DIR;
		};
		B7B8523721C0490B005A3F3B /* libluacocos2d iOS.a */ = {
			isa = PBXReferenceProxy;
			fileType = archive.ar;
			path = "libluacocos2d iOS.a";
			remoteRef = B7B8523621C0490B005A3F3B /* PBXContainerItemProxy */;
			sourceTree = BUILT_PRODUCTS_DIR;
		};
		B7B8523921C0490B005A3F3B /* libluacocos2d tvOS.a */ = {
			isa = PBXReferenceProxy;
			fileType = archive.ar;
			path = "libluacocos2d tvOS.a";
			remoteRef = B7B8523821C0490B005A3F3B /* PBXContainerItemProxy */;
			sourceTree = BUILT_PRODUCTS_DIR;
		};
/* End PBXReferenceProxy section */

/* Begin PBXResourcesBuildPhase section */
		B70BD4362196C634000A4EBF /* Resources */ = {
			isa = PBXResourcesBuildPhase;
			buildActionMask = 2147483647;
			files = (
				B746993321C1F5EF00711F0E /* frame-flower-shakura-8.lua in Resources */,
				B751917D21BA9EF600F64A21 /* lookup-solar.png in Resources */,
				B74D675121BD54C500E11EC4 /* reverse.png in Resources */,
				B70FDCB921BB1AE500FCCF8D /* sticker-astronaut.png in Resources */,
				B70BD4482196C636000A4EBF /* LaunchScreen.storyboard in Resources */,
				B751918621BA9EF600F64A21 /* lookup-vintage.png in Resources */,
				B751917121BA9EF600F64A21 /* lookup-floyd.png in Resources */,
				B751917521BA9EF600F64A21 /* lookup-linda.png in Resources */,
				B746992721C1F5EF00711F0E /* frame-flower-shakura-5.png in Resources */,
				B751918821BA9EF600F64A21 /* lookup-clarity.png in Resources */,
				B751918021BA9EF600F64A21 /* lookup-1971.png in Resources */,
				B746992F21C1F5EF00711F0E /* frame-flower-shakura-9.png in Resources */,
				B746993421C1F5EF00711F0E /* frame-flower-shakura-11.png in Resources */,
				B751918321BA9EF600F64A21 /* lookup-mental.png in Resources */,
				B746993021C1F5EF00711F0E /* frame-flower-shakura-10.lua in Resources */,
				B751918C21BA9EF600F64A21 /* lookup-selena.png in Resources */,
				B74D674621BD54C500E11EC4 /* capture.png in Resources */,
				B74D674B21BD54C500E11EC4 /* more.png in Resources */,
				B751916E21BA9EF600F64A21 /* lookup-summer.png in Resources */,
				B746993721C1F5EF00711F0E /* frame-flower-shakura-thumb.png in Resources */,
				B746992821C1F5EF00711F0E /* frame-flower-shakura-5.lua in Resources */,
				B751918B21BA9EF600F64A21 /* lookup-gray.png in Resources */,
				B746991F21C1F5EF00711F0E /* frame-flower-shakura-3.png in Resources */,
				B751918D21BA9EF600F64A21 /* lookup-feel.png in Resources */,
				B746992D21C1F5EF00711F0E /* frame-flower-shakura-7.lua in Resources */,
				B746992E21C1F5EF00711F0E /* frame-flower-shakura-7.png in Resources */,
				B746993621C1F5EF00711F0E /* frame-flower-shakura-8.png in Resources */,
				B751917721BA9EF600F64A21 /* lookup-charcoal.png in Resources */,
				B74AAB19219FE79C006DF9B0 /* lookup-amatorka.png in Resources */,
				B74D674521BD54C500E11EC4 /* flash.png in Resources */,
				B751917821BA9EF600F64A21 /* lookup-elizabeth.png in Resources */,
				B746992A21C1F5EF00711F0E /* frame-flower-shakura-4.png in Resources */,
				B751916D21BA9EF600F64A21 /* lookup-guardian.png in Resources */,
				B746992B21C1F5EF00711F0E /* frame-flower-shakura-6.png in Resources */,
				B751917921BA9EF600F64A21 /* lookup-brooklyn.png in Resources */,
				B751917C21BA9EF600F64A21 /* lookup-gotham.png in Resources */,
				B751918721BA9EF600F64A21 /* lookup-gypsy.png in Resources */,
				B751918421BA9EF600F64A21 /* lookup-saha.png in Resources */,
				B71850BE21B462BB00F66171 /* recyclingbin.png in Resources */,
				B74D675021BD54C500E11EC4 /* 5s.png in Resources */,
				B74D674A21BD54C500E11EC4 /* emoji.png in Resources */,
				B74D674E21BD54C500E11EC4 /* time.png in Resources */,
				B74D674821BD54C500E11EC4 /* 10s.png in Resources */,
				B746993221C1F5EF00711F0E /* frame-flower-shakura-9.lua in Resources */,
				B751916F21BA9EF600F64A21 /* lookup-seven.png in Resources */,
				B70BD4452196C636000A4EBF /* Assets.xcassets in Resources */,
				B751918521BA9EF600F64A21 /* lookup-robinson.png in Resources */,
				B74D674921BD54C500E11EC4 /* frame.png in Resources */,
				B746992321C1F5EF00711F0E /* frame-flower-shakura-0.png in Resources */,
				B751917221BA9EF600F64A21 /* lookup-mono cool.png in Resources */,
				B746992521C1F5EF00711F0E /* frame-flower-shakura-1.lua in Resources */,
				B746992921C1F5EF00711F0E /* frame-flower-shakura-4.lua in Resources */,
				B74D674C21BD54C500E11EC4 /* photo.png in Resources */,
				B751918A21BA9EF600F64A21 /* lookup-fashion.png in Resources */,
				B74D674D21BD54C500E11EC4 /* raito.png in Resources */,
				B751917B21BA9EF600F64A21 /* lookup-polaroid.png in Resources */,
				B74E611E21C2E5D0003A0E9A /* frame-flower-shakura-10.png in Resources */,
				B74D675221BD54C500E11EC4 /* 3s.png in Resources */,
				B746992C21C1F5EF00711F0E /* frame-flower-shakura-6.lua in Resources */,
				B746992221C1F5EF00711F0E /* frame-flower-shakura-2.png in Resources */,
				B751917F21BA9EF600F64A21 /* lookup-b & w.png in Resources */,
				B746993521C1F5EF00711F0E /* frame-flower-shakura-11.lua in Resources */,
				B751918921BA9EF600F64A21 /* lookup-western.png in Resources */,
				B70FDCB321BB172C00FCCF8D /* sticker-panda.png in Resources */,
				B70FDCB521BB1ADC00FCCF8D /* sticker-mario.png in Resources */,
				B746992121C1F5EF00711F0E /* frame-flower-shakura-2.lua in Resources */,
				B746992021C1F5EF00711F0E /* frame-flower-shakura-3.lua in Resources */,
				B70BD4432196C634000A4EBF /* Main.storyboard in Resources */,
				B746992421C1F5EF00711F0E /* frame-flower-shakura-0.lua in Resources */,
				B746992621C1F5EF00711F0E /* frame-flower-shakura-1.png in Resources */,
				B76036FB21C0410C00A85F16 /* frames-xmas-5-bot.png in Resources */,
				B751917421BA9EF600F64A21 /* lookup-indigo.png in Resources */,
				B751918221BA9EF600F64A21 /* lookup-run.png in Resources */,
				B74D674721BD54C500E11EC4 /* filter.png in Resources */,
				B70FDCB721BB1AE200FCCF8D /* sticker-funny-king.png in Resources */,
				B76036FC21C0410C00A85F16 /* frames-xmas-5-top.png in Resources */,
				B751917321BA9EF600F64A21 /* lookup-fresh.png in Resources */,
				B751917A21BA9EF600F64A21 /* lookup-hipster.png in Resources */,
				B74D674F21BD54C500E11EC4 /* 15s.png in Resources */,
			);
			runOnlyForDeploymentPostprocessing = 0;
		};
/* End PBXResourcesBuildPhase section */

/* Begin PBXSourcesBuildPhase section */
		B70BD4342196C634000A4EBF /* Sources */ = {
			isa = PBXSourcesBuildPhase;
			buildActionMask = 2147483647;
			files = (
				B71B138421B9C1A900DE1796 /* GPUImageLUTFilter.m in Sources */,
				B751914221BA79EF00F64A21 /* TKSampleDataPool.m in Sources */,
				B767ED9421B5763C00CE264A /* StickerEditController.cpp in Sources */,
				B70BD4402196C634000A4EBF /* TikkyEngine.mm in Sources */,
				B74D676921BD54EB00E11EC4 /* TKTopMenu.m in Sources */,
				B75279CE21A1A73E00A59714 /* TKTextureUtilities.c in Sources */,
				B75C333F21B432C2006BEED5 /* TapGestureRecognizer.cpp in Sources */,
				B75C334121B432C2006BEED5 /* PinchGestureRecognizer.cpp in Sources */,
				B767ED8D21B54F2C00CE264A /* CameraViewController.mm in Sources */,
				B70BD44B2196C636000A4EBF /* main.m in Sources */,
				B74D676621BD54EB00E11EC4 /* TKTopSubMenuItem.m in Sources */,
				B74D676421BD54EB00E11EC4 /* TKBottomSubMenu.m in Sources */,
				B751914521BA80D200F64A21 /* TKFilterProperty.m in Sources */,
				B75C334221B432C2006BEED5 /* LongPressGestureRecognizer.cpp in Sources */,
				B70BD48D2196C913000A4EBF /* StickerScene.cpp in Sources */,
				B74D676821BD54EB00E11EC4 /* TKTopMenuItem.m in Sources */,
				B75C333E21B432C2006BEED5 /* PanGestureRecognizer.cpp in Sources */,
				B70BD48E2196C913000A4EBF /* CCAppDelegate.cpp in Sources */,
				B75279D621A2001F00A59714 /* GPUImageStickerFilter.mm in Sources */,
				B7107D0121BEE05300FEE948 /* TKUtilities.m in Sources */,
				B7558A5C21B8604A0045BBD7 /* TKImageInput.m in Sources */,
				B75C334021B432C2006BEED5 /* GestureRecognizerUtils.cpp in Sources */,
				B7E738B021C6D70500932ABD /* UIDevice+DeviceName.m in Sources */,
				B7107D0B21BEE84400FEE948 /* TKVideo.m in Sources */,
				B70BD4952196C91D000A4EBF /* Cocos2dxGameController.mm in Sources */,
				B74D676321BD54EB00E11EC4 /* TKBottomMenuItem.m in Sources */,
				B7107D0821BEE82200FEE948 /* TKPhoto.m in Sources */,
				B751913421BA6EC900F64A21 /* TKFilter.m in Sources */,
				B767ED9D21B5BECE00CE264A /* TKImageFilter.m in Sources */,
				B74D676A21BD54EB00E11EC4 /* TKTopSubViewMenu.m in Sources */,
				B7107D0521BEE81800FEE948 /* TKCamera.m in Sources */,
				B7E738B921C6D70500932ABD /* UIView+Delegate.m in Sources */,
				B75C334421B432C2006BEED5 /* GestureRecognizer.cpp in Sources */,
				B75C334321B432C2006BEED5 /* SwipeGestureRecognizer.cpp in Sources */,
				B74D676521BD54EB00E11EC4 /* TKBottomMenu.m in Sources */,
				B767ED8621B545C400CE264A /* TKStickerPreviewer.mm in Sources */,
				B70BD43D2196C634000A4EBF /* AppDelegate.mm in Sources */,
				B74D676721BD54EB00E11EC4 /* TKRootView.m in Sources */,
			);
			runOnlyForDeploymentPostprocessing = 0;
		};
/* End PBXSourcesBuildPhase section */

/* Begin PBXTargetDependency section */
		B70BD4852196C7F2000A4EBF /* PBXTargetDependency */ = {
			isa = PBXTargetDependency;
			name = "libcocos2d iOS";
			targetProxy = B70BD4842196C7F2000A4EBF /* PBXContainerItemProxy */;
		};
		B70BD4872196C7F5000A4EBF /* PBXTargetDependency */ = {
			isa = PBXTargetDependency;
			name = GPUImage;
			targetProxy = B70BD4862196C7F5000A4EBF /* PBXContainerItemProxy */;
		};
		B7B8523D21C04918005A3F3B /* PBXTargetDependency */ = {
			isa = PBXTargetDependency;
			name = "libluacocos2d iOS";
			targetProxy = B7B8523C21C04918005A3F3B /* PBXContainerItemProxy */;
		};
/* End PBXTargetDependency section */

/* Begin PBXVariantGroup section */
		B70BD4412196C634000A4EBF /* Main.storyboard */ = {
			isa = PBXVariantGroup;
			children = (
				B70BD4422196C634000A4EBF /* Base */,
			);
			name = Main.storyboard;
			sourceTree = "<group>";
		};
		B70BD4462196C636000A4EBF /* LaunchScreen.storyboard */ = {
			isa = PBXVariantGroup;
			children = (
				B70BD4472196C636000A4EBF /* Base */,
			);
			name = LaunchScreen.storyboard;
			sourceTree = "<group>";
		};
/* End PBXVariantGroup section */

/* Begin XCBuildConfiguration section */
		B70BD44C2196C636000A4EBF /* Debug */ = {
			isa = XCBuildConfiguration;
			buildSettings = {
				ALWAYS_SEARCH_USER_PATHS = NO;
				CLANG_ANALYZER_NONNULL = YES;
				CLANG_ANALYZER_NUMBER_OBJECT_CONVERSION = YES_AGGRESSIVE;
				CLANG_CXX_LANGUAGE_STANDARD = "gnu++14";
				CLANG_CXX_LIBRARY = "libc++";
				CLANG_ENABLE_MODULES = YES;
				CLANG_ENABLE_OBJC_ARC = YES;
				CLANG_ENABLE_OBJC_WEAK = YES;
				CLANG_WARN_BLOCK_CAPTURE_AUTORELEASING = YES;
				CLANG_WARN_BOOL_CONVERSION = YES;
				CLANG_WARN_COMMA = YES;
				CLANG_WARN_CONSTANT_CONVERSION = YES;
				CLANG_WARN_DEPRECATED_OBJC_IMPLEMENTATIONS = YES;
				CLANG_WARN_DIRECT_OBJC_ISA_USAGE = YES_ERROR;
				CLANG_WARN_DOCUMENTATION_COMMENTS = YES;
				CLANG_WARN_EMPTY_BODY = YES;
				CLANG_WARN_ENUM_CONVERSION = YES;
				CLANG_WARN_INFINITE_RECURSION = YES;
				CLANG_WARN_INT_CONVERSION = YES;
				CLANG_WARN_NON_LITERAL_NULL_CONVERSION = YES;
				CLANG_WARN_OBJC_IMPLICIT_RETAIN_SELF = YES;
				CLANG_WARN_OBJC_LITERAL_CONVERSION = YES;
				CLANG_WARN_OBJC_ROOT_CLASS = YES_ERROR;
				CLANG_WARN_RANGE_LOOP_ANALYSIS = YES;
				CLANG_WARN_STRICT_PROTOTYPES = YES;
				CLANG_WARN_SUSPICIOUS_MOVE = YES;
				CLANG_WARN_UNGUARDED_AVAILABILITY = YES_AGGRESSIVE;
				CLANG_WARN_UNREACHABLE_CODE = YES;
				CLANG_WARN__DUPLICATE_METHOD_MATCH = YES;
				CODE_SIGN_IDENTITY = "iPhone Developer";
				COPY_PHASE_STRIP = NO;
				DEBUG_INFORMATION_FORMAT = dwarf;
				ENABLE_STRICT_OBJC_MSGSEND = YES;
				ENABLE_TESTABILITY = YES;
				GCC_C_LANGUAGE_STANDARD = gnu11;
				GCC_DYNAMIC_NO_PIC = NO;
				GCC_NO_COMMON_BLOCKS = YES;
				GCC_OPTIMIZATION_LEVEL = 0;
				GCC_PREPROCESSOR_DEFINITIONS = (
					"DEBUG=1",
					"$(inherited)",
				);
				GCC_WARN_64_TO_32_BIT_CONVERSION = YES;
				GCC_WARN_ABOUT_RETURN_TYPE = YES_ERROR;
				GCC_WARN_UNDECLARED_SELECTOR = YES;
				GCC_WARN_UNINITIALIZED_AUTOS = YES_AGGRESSIVE;
				GCC_WARN_UNUSED_FUNCTION = YES;
				GCC_WARN_UNUSED_VARIABLE = YES;
				IPHONEOS_DEPLOYMENT_TARGET = 12.1;
				MTL_ENABLE_DEBUG_INFO = INCLUDE_SOURCE;
				MTL_FAST_MATH = YES;
				ONLY_ACTIVE_ARCH = YES;
				SDKROOT = iphoneos;
			};
			name = Debug;
		};
		B70BD44D2196C636000A4EBF /* Release */ = {
			isa = XCBuildConfiguration;
			buildSettings = {
				ALWAYS_SEARCH_USER_PATHS = NO;
				CLANG_ANALYZER_NONNULL = YES;
				CLANG_ANALYZER_NUMBER_OBJECT_CONVERSION = YES_AGGRESSIVE;
				CLANG_CXX_LANGUAGE_STANDARD = "gnu++14";
				CLANG_CXX_LIBRARY = "libc++";
				CLANG_ENABLE_MODULES = YES;
				CLANG_ENABLE_OBJC_ARC = YES;
				CLANG_ENABLE_OBJC_WEAK = YES;
				CLANG_WARN_BLOCK_CAPTURE_AUTORELEASING = YES;
				CLANG_WARN_BOOL_CONVERSION = YES;
				CLANG_WARN_COMMA = YES;
				CLANG_WARN_CONSTANT_CONVERSION = YES;
				CLANG_WARN_DEPRECATED_OBJC_IMPLEMENTATIONS = YES;
				CLANG_WARN_DIRECT_OBJC_ISA_USAGE = YES_ERROR;
				CLANG_WARN_DOCUMENTATION_COMMENTS = YES;
				CLANG_WARN_EMPTY_BODY = YES;
				CLANG_WARN_ENUM_CONVERSION = YES;
				CLANG_WARN_INFINITE_RECURSION = YES;
				CLANG_WARN_INT_CONVERSION = YES;
				CLANG_WARN_NON_LITERAL_NULL_CONVERSION = YES;
				CLANG_WARN_OBJC_IMPLICIT_RETAIN_SELF = YES;
				CLANG_WARN_OBJC_LITERAL_CONVERSION = YES;
				CLANG_WARN_OBJC_ROOT_CLASS = YES_ERROR;
				CLANG_WARN_RANGE_LOOP_ANALYSIS = YES;
				CLANG_WARN_STRICT_PROTOTYPES = YES;
				CLANG_WARN_SUSPICIOUS_MOVE = YES;
				CLANG_WARN_UNGUARDED_AVAILABILITY = YES_AGGRESSIVE;
				CLANG_WARN_UNREACHABLE_CODE = YES;
				CLANG_WARN__DUPLICATE_METHOD_MATCH = YES;
				CODE_SIGN_IDENTITY = "iPhone Developer";
				COPY_PHASE_STRIP = NO;
				DEBUG_INFORMATION_FORMAT = "dwarf-with-dsym";
				ENABLE_NS_ASSERTIONS = NO;
				ENABLE_STRICT_OBJC_MSGSEND = YES;
				GCC_C_LANGUAGE_STANDARD = gnu11;
				GCC_NO_COMMON_BLOCKS = YES;
				GCC_WARN_64_TO_32_BIT_CONVERSION = YES;
				GCC_WARN_ABOUT_RETURN_TYPE = YES_ERROR;
				GCC_WARN_UNDECLARED_SELECTOR = YES;
				GCC_WARN_UNINITIALIZED_AUTOS = YES_AGGRESSIVE;
				GCC_WARN_UNUSED_FUNCTION = YES;
				GCC_WARN_UNUSED_VARIABLE = YES;
				IPHONEOS_DEPLOYMENT_TARGET = 12.1;
				MTL_ENABLE_DEBUG_INFO = NO;
				MTL_FAST_MATH = YES;
				SDKROOT = iphoneos;
				VALIDATE_PRODUCT = YES;
			};
			name = Release;
		};
		B70BD44F2196C636000A4EBF /* Debug */ = {
			isa = XCBuildConfiguration;
			buildSettings = {
				ASSETCATALOG_COMPILER_APPICON_NAME = AppIcon;
				CODE_SIGN_STYLE = Automatic;
				COMPRESS_PNG_FILES = NO;
				DEVELOPMENT_TEAM = WDZJX7VYT8;
				ENABLE_BITCODE = NO;
				GCC_PREFIX_HEADER = "$(SRCROOT)/Tikky/Prefix.pch";
				HEADER_SEARCH_PATHS = (
					"$(SRCROOT)/Frameworks/cocos2d-x",
					"$(SRCROOT)/Frameworks/cocos2d-x/cocos/audio/include",
					"$(SRCROOT)/Frameworks/cocos2d-x/cocos/editor-support",
					"$(SRCROOT)/Frameworks/cocos2d-x/cocos",
					"$(SRCROOT)/Frameworks/cocos2d-x/external/chipmunk/include/chipmunk",
					"$(SRCROOT)/Frameworks/cocos2d-x/external",
					"$(SRCROOT)/Frameworks/cocos2d-x/extensions",
					"$(inherited)",
					"$(SRCROOT)/Frameworks/GPUImage/Resources",
					"$(SRCROOT)/Frameworks/GPUImage/Source",
					"$(SRCROOT)/Frameworks/GPUImage/Source/iOS",
					"$(SRCROOT)/Frameworks/GPUImage/Source/iOS/Framework",
					"$(SRCROOT)/Frameworks/cocos2d-x/external/lua/luajit/include",
					"$(SRCROOT)/Frameworks/cocos2d-x/external/lua/tolua",
				);
				INFOPLIST_FILE = Tikky/Info.plist;
				IPHONEOS_DEPLOYMENT_TARGET = 9.0;
				LD_RUNPATH_SEARCH_PATHS = (
					"$(inherited)",
					"@executable_path/Frameworks",
				);
				ONLY_ACTIVE_ARCH = NO;
				OTHER_LDFLAGS = "";
				PRODUCT_BUNDLE_IDENTIFIER = Tikky.BeautyCamera;
				PRODUCT_NAME = "$(TARGET_NAME)";
				STRIP_PNG_TEXT = NO;
				TARGETED_DEVICE_FAMILY = "1,2";
			};
			name = Debug;
		};
		B70BD4502196C636000A4EBF /* Release */ = {
			isa = XCBuildConfiguration;
			buildSettings = {
				ASSETCATALOG_COMPILER_APPICON_NAME = AppIcon;
				CODE_SIGN_STYLE = Automatic;
				COMPRESS_PNG_FILES = NO;
				DEVELOPMENT_TEAM = WDZJX7VYT8;
				ENABLE_BITCODE = NO;
				GCC_PREFIX_HEADER = "$(SRCROOT)/Tikky/Prefix.pch";
				HEADER_SEARCH_PATHS = (
					"$(SRCROOT)/Frameworks/cocos2d-x",
					"$(SRCROOT)/Frameworks/cocos2d-x/cocos/audio/include",
					"$(SRCROOT)/Frameworks/cocos2d-x/cocos/editor-support",
					"$(SRCROOT)/Frameworks/cocos2d-x/cocos",
					"$(SRCROOT)/Frameworks/cocos2d-x/external/chipmunk/include/chipmunk",
					"$(SRCROOT)/Frameworks/cocos2d-x/external",
					"$(SRCROOT)/Frameworks/cocos2d-x/extensions",
					"$(inherited)",
					"$(SRCROOT)/Frameworks/GPUImage/Resources",
					"$(SRCROOT)/Frameworks/GPUImage/Source",
					"$(SRCROOT)/Frameworks/GPUImage/Source/iOS",
					"$(SRCROOT)/Frameworks/GPUImage/Source/iOS/Framework",
					"$(SRCROOT)/Frameworks/cocos2d-x/external/lua/luajit/include",
					"$(SRCROOT)/Frameworks/cocos2d-x/external/lua/tolua",
				);
				INFOPLIST_FILE = Tikky/Info.plist;
				IPHONEOS_DEPLOYMENT_TARGET = 9.0;
				LD_RUNPATH_SEARCH_PATHS = (
					"$(inherited)",
					"@executable_path/Frameworks",
				);
				ONLY_ACTIVE_ARCH = NO;
				OTHER_LDFLAGS = "";
				PRODUCT_BUNDLE_IDENTIFIER = Tikky.BeautyCamera;
				PRODUCT_NAME = "$(TARGET_NAME)";
				STRIP_PNG_TEXT = NO;
				TARGETED_DEVICE_FAMILY = "1,2";
			};
			name = Release;
		};
/* End XCBuildConfiguration section */

/* Begin XCConfigurationList section */
		B70BD4332196C634000A4EBF /* Build configuration list for PBXProject "Tikky" */ = {
			isa = XCConfigurationList;
			buildConfigurations = (
				B70BD44C2196C636000A4EBF /* Debug */,
				B70BD44D2196C636000A4EBF /* Release */,
			);
			defaultConfigurationIsVisible = 0;
			defaultConfigurationName = Release;
		};
		B70BD44E2196C636000A4EBF /* Build configuration list for PBXNativeTarget "Tikky" */ = {
			isa = XCConfigurationList;
			buildConfigurations = (
				B70BD44F2196C636000A4EBF /* Debug */,
				B70BD4502196C636000A4EBF /* Release */,
			);
			defaultConfigurationIsVisible = 0;
			defaultConfigurationName = Release;
		};
/* End XCConfigurationList section */
	};
	rootObject = B70BD4302196C634000A4EBF /* Project object */;
}
