// !$*UTF8*$!
{
	archiveVersion = 1;
	classes = {
	};
	objectVersion = 50;
	objects = {

/* Begin PBXBuildFile section */
		B7089DAC219F4C1D001CA15D /* HelloWorld2.png in Resources */ = {isa = PBXBuildFile; fileRef = B7089DA7219F4C1C001CA15D /* HelloWorld2.png */; };
		B70BD43D2196C634000A4EBF /* AppDelegate.mm in Sources */ = {isa = PBXBuildFile; fileRef = B70BD43C2196C634000A4EBF /* AppDelegate.mm */; };
		B70BD4402196C634000A4EBF /* TikkyEngine.mm in Sources */ = {isa = PBXBuildFile; fileRef = B70BD43F2196C634000A4EBF /* TikkyEngine.mm */; };
		B70BD4432196C634000A4EBF /* Main.storyboard in Resources */ = {isa = PBXBuildFile; fileRef = B70BD4412196C634000A4EBF /* Main.storyboard */; };
		B70BD4452196C636000A4EBF /* Assets.xcassets in Resources */ = {isa = PBXBuildFile; fileRef = B70BD4442196C636000A4EBF /* Assets.xcassets */; };
		B70BD4482196C636000A4EBF /* LaunchScreen.storyboard in Resources */ = {isa = PBXBuildFile; fileRef = B70BD4462196C636000A4EBF /* LaunchScreen.storyboard */; };
		B70BD44B2196C636000A4EBF /* main.m in Sources */ = {isa = PBXBuildFile; fileRef = B70BD44A2196C636000A4EBF /* main.m */; };
		B70BD45E2196C73B000A4EBF /* libcocos2d iOS.a in Frameworks */ = {isa = PBXBuildFile; fileRef = B70BD45B2196C6EA000A4EBF /* libcocos2d iOS.a */; };
		B70BD4602196C748000A4EBF /* CoreText.framework in Frameworks */ = {isa = PBXBuildFile; fileRef = B70BD45F2196C748000A4EBF /* CoreText.framework */; };
		B70BD4622196C74F000A4EBF /* libiconv.tbd in Frameworks */ = {isa = PBXBuildFile; fileRef = B70BD4612196C74F000A4EBF /* libiconv.tbd */; };
		B70BD4642196C754000A4EBF /* Security.framework in Frameworks */ = {isa = PBXBuildFile; fileRef = B70BD4632196C754000A4EBF /* Security.framework */; };
		B70BD4662196C75B000A4EBF /* CoreMotion.framework in Frameworks */ = {isa = PBXBuildFile; fileRef = B70BD4652196C75B000A4EBF /* CoreMotion.framework */; };
		B70BD4682196C762000A4EBF /* Foundation.framework in Frameworks */ = {isa = PBXBuildFile; fileRef = B70BD4672196C762000A4EBF /* Foundation.framework */; };
		B70BD46A2196C768000A4EBF /* UIKit.framework in Frameworks */ = {isa = PBXBuildFile; fileRef = B70BD4692196C768000A4EBF /* UIKit.framework */; };
		B70BD46C2196C76F000A4EBF /* CoreGraphics.framework in Frameworks */ = {isa = PBXBuildFile; fileRef = B70BD46B2196C76F000A4EBF /* CoreGraphics.framework */; };
		B70BD46E2196C774000A4EBF /* OpenGLES.framework in Frameworks */ = {isa = PBXBuildFile; fileRef = B70BD46D2196C774000A4EBF /* OpenGLES.framework */; };
		B70BD4702196C77B000A4EBF /* libz.tbd in Frameworks */ = {isa = PBXBuildFile; fileRef = B70BD46F2196C77B000A4EBF /* libz.tbd */; };
		B70BD4722196C782000A4EBF /* QuartzCore.framework in Frameworks */ = {isa = PBXBuildFile; fileRef = B70BD4712196C782000A4EBF /* QuartzCore.framework */; };
		B70BD4742196C788000A4EBF /* OpenAL.framework in Frameworks */ = {isa = PBXBuildFile; fileRef = B70BD4732196C787000A4EBF /* OpenAL.framework */; };
		B70BD4762196C78F000A4EBF /* AVFoundation.framework in Frameworks */ = {isa = PBXBuildFile; fileRef = B70BD4752196C78F000A4EBF /* AVFoundation.framework */; };
		B70BD4782196C796000A4EBF /* AudioToolbox.framework in Frameworks */ = {isa = PBXBuildFile; fileRef = B70BD4772196C796000A4EBF /* AudioToolbox.framework */; };
		B70BD4832196C7E7000A4EBF /* libGPUImage.a in Frameworks */ = {isa = PBXBuildFile; fileRef = B70BD4802196C7C8000A4EBF /* libGPUImage.a */; };
		B70BD48D2196C913000A4EBF /* StickerScene.cpp in Sources */ = {isa = PBXBuildFile; fileRef = B70BD48B2196C911000A4EBF /* StickerScene.cpp */; };
		B70BD48E2196C913000A4EBF /* CCAppDelegate.cpp in Sources */ = {isa = PBXBuildFile; fileRef = B70BD48C2196C913000A4EBF /* CCAppDelegate.cpp */; };
		B70BD4952196C91D000A4EBF /* Cocos2dxGameController.mm in Sources */ = {isa = PBXBuildFile; fileRef = B70BD4922196C91D000A4EBF /* Cocos2dxGameController.mm */; };
		B70BD4982196CC84000A4EBF /* HelloWorld.png in Resources */ = {isa = PBXBuildFile; fileRef = B70BD4972196CC84000A4EBF /* HelloWorld.png */; };
		B70E0FA921B9545700012236 /* emoji.png in Resources */ = {isa = PBXBuildFile; fileRef = B70E0F9321B9545600012236 /* emoji.png */; };
		B70E0FAA21B9545700012236 /* capture_button.png in Resources */ = {isa = PBXBuildFile; fileRef = B70E0F9421B9545600012236 /* capture_button.png */; };
		B70E0FAB21B9545700012236 /* filter.png in Resources */ = {isa = PBXBuildFile; fileRef = B70E0F9521B9545600012236 /* filter.png */; };
		B70E0FAC21B9545700012236 /* assert_picker.png in Resources */ = {isa = PBXBuildFile; fileRef = B70E0F9621B9545600012236 /* assert_picker.png */; };
		B70E0FAD21B9545700012236 /* frame.png in Resources */ = {isa = PBXBuildFile; fileRef = B70E0F9721B9545600012236 /* frame.png */; };
		B70E0FAE21B9545700012236 /* TKTopMenu.m in Sources */ = {isa = PBXBuildFile; fileRef = B70E0F9921B9545600012236 /* TKTopMenu.m */; };
		B70E0FAF21B9545700012236 /* TKBottomSubMenu.m in Sources */ = {isa = PBXBuildFile; fileRef = B70E0F9A21B9545600012236 /* TKBottomSubMenu.m */; };
		B70E0FB021B9545700012236 /* TKTopSubMenuItem.m in Sources */ = {isa = PBXBuildFile; fileRef = B70E0F9D21B9545600012236 /* TKTopSubMenuItem.m */; };
		B70E0FB121B9545700012236 /* TKTopMenuItem.m in Sources */ = {isa = PBXBuildFile; fileRef = B70E0F9E21B9545600012236 /* TKTopMenuItem.m */; };
		B70E0FB221B9545700012236 /* TKBottomMenu.m in Sources */ = {isa = PBXBuildFile; fileRef = B70E0FA121B9545600012236 /* TKBottomMenu.m */; };
		B70E0FB321B9545700012236 /* TKBottomMenuItem.m in Sources */ = {isa = PBXBuildFile; fileRef = B70E0FA221B9545600012236 /* TKBottomMenuItem.m */; };
		B717051421985698006409F0 /* Photos.framework in Frameworks */ = {isa = PBXBuildFile; fileRef = B717051321985697006409F0 /* Photos.framework */; };
		B71850BE21B462BB00F66171 /* recyclingbin.png in Resources */ = {isa = PBXBuildFile; fileRef = B71850B921B462BB00F66171 /* recyclingbin.png */; };
		B71B138421B9C1A900DE1796 /* GPUImageLUTFilter.m in Sources */ = {isa = PBXBuildFile; fileRef = B71B138321B9C1A900DE1796 /* GPUImageLUTFilter.m */; };
		B74AAB19219FE79C006DF9B0 /* lookup_amatorka.png in Resources */ = {isa = PBXBuildFile; fileRef = B74AAB14219FE79C006DF9B0 /* lookup_amatorka.png */; };
		B75279CE21A1A73E00A59714 /* TKUtilities.c in Sources */ = {isa = PBXBuildFile; fileRef = B75279CD21A1A73E00A59714 /* TKUtilities.c */; };
		B75279D621A2001F00A59714 /* GPUImageStickerFilter.mm in Sources */ = {isa = PBXBuildFile; fileRef = B75279D521A2001E00A59714 /* GPUImageStickerFilter.mm */; };
		B7558A5C21B8604A0045BBD7 /* TKImageInput.m in Sources */ = {isa = PBXBuildFile; fileRef = B7558A5B21B8604A0045BBD7 /* TKImageInput.m */; };
		B75C332621B3F626006BEED5 /* close50.png in Resources */ = {isa = PBXBuildFile; fileRef = B75C332021B3F626006BEED5 /* close50.png */; };
		B75C332721B3F626006BEED5 /* scale50.png in Resources */ = {isa = PBXBuildFile; fileRef = B75C332521B3F626006BEED5 /* scale50.png */; };
		B75C333E21B432C2006BEED5 /* PanGestureRecognizer.cpp in Sources */ = {isa = PBXBuildFile; fileRef = B75C333021B432C2006BEED5 /* PanGestureRecognizer.cpp */; };
		B75C333F21B432C2006BEED5 /* TapGestureRecognizer.cpp in Sources */ = {isa = PBXBuildFile; fileRef = B75C333121B432C2006BEED5 /* TapGestureRecognizer.cpp */; };
		B75C334021B432C2006BEED5 /* GestureRecognizerUtils.cpp in Sources */ = {isa = PBXBuildFile; fileRef = B75C333421B432C2006BEED5 /* GestureRecognizerUtils.cpp */; };
		B75C334121B432C2006BEED5 /* PinchGestureRecognizer.cpp in Sources */ = {isa = PBXBuildFile; fileRef = B75C333621B432C2006BEED5 /* PinchGestureRecognizer.cpp */; };
		B75C334221B432C2006BEED5 /* LongPressGestureRecognizer.cpp in Sources */ = {isa = PBXBuildFile; fileRef = B75C333721B432C2006BEED5 /* LongPressGestureRecognizer.cpp */; };
		B75C334321B432C2006BEED5 /* SwipeGestureRecognizer.cpp in Sources */ = {isa = PBXBuildFile; fileRef = B75C333921B432C2006BEED5 /* SwipeGestureRecognizer.cpp */; };
		B75C334421B432C2006BEED5 /* GestureRecognizer.cpp in Sources */ = {isa = PBXBuildFile; fileRef = B75C333B21B432C2006BEED5 /* GestureRecognizer.cpp */; };
		B767ED8621B545C400CE264A /* TKStickerPreviewer.mm in Sources */ = {isa = PBXBuildFile; fileRef = B767ED8521B545C400CE264A /* TKStickerPreviewer.mm */; };
		B767ED8D21B54F2C00CE264A /* CameraViewController.mm in Sources */ = {isa = PBXBuildFile; fileRef = B767ED8C21B54F2C00CE264A /* CameraViewController.mm */; };
		B767ED9421B5763C00CE264A /* StickerEditController.cpp in Sources */ = {isa = PBXBuildFile; fileRef = B75C332921B4064F006BEED5 /* StickerEditController.cpp */; };
		B767ED9D21B5BECE00CE264A /* TKImageFilter.m in Sources */ = {isa = PBXBuildFile; fileRef = B767ED9C21B5BECE00CE264A /* TKImageFilter.m */; };
/* End PBXBuildFile section */

/* Begin PBXContainerItemProxy section */
		B70BD4582196C6EA000A4EBF /* PBXContainerItemProxy */ = {
			isa = PBXContainerItemProxy;
			containerPortal = B70BD4522196C6EA000A4EBF /* cocos2d_libs.xcodeproj */;
			proxyType = 2;
			remoteGlobalIDString = 1551A33F158F2AB200E66CFE;
			remoteInfo = "libcocos2d Mac";
		};
		B70BD45A2196C6EA000A4EBF /* PBXContainerItemProxy */ = {
			isa = PBXContainerItemProxy;
			containerPortal = B70BD4522196C6EA000A4EBF /* cocos2d_libs.xcodeproj */;
			proxyType = 2;
			remoteGlobalIDString = A07A4D641783777C0073F6A7;
			remoteInfo = "libcocos2d iOS";
		};
		B70BD45C2196C6EA000A4EBF /* PBXContainerItemProxy */ = {
			isa = PBXContainerItemProxy;
			containerPortal = B70BD4522196C6EA000A4EBF /* cocos2d_libs.xcodeproj */;
			proxyType = 2;
			remoteGlobalIDString = 507B40FD1C31BDD30067B53E;
			remoteInfo = "libcocos2d tvOS";
		};
		B70BD47F2196C7C8000A4EBF /* PBXContainerItemProxy */ = {
			isa = PBXContainerItemProxy;
			containerPortal = B70BD4792196C7C7000A4EBF /* GPUImage.xcodeproj */;
			proxyType = 2;
			remoteGlobalIDString = BCF1A33414DDB1EC00852800;
			remoteInfo = GPUImage;
		};
		B70BD4812196C7C8000A4EBF /* PBXContainerItemProxy */ = {
			isa = PBXContainerItemProxy;
			containerPortal = B70BD4792196C7C7000A4EBF /* GPUImage.xcodeproj */;
			proxyType = 2;
			remoteGlobalIDString = BCE209E51943F20C002FEED8;
			remoteInfo = GPUImageFramework;
		};
		B70BD4842196C7F2000A4EBF /* PBXContainerItemProxy */ = {
			isa = PBXContainerItemProxy;
			containerPortal = B70BD4522196C6EA000A4EBF /* cocos2d_libs.xcodeproj */;
			proxyType = 1;
			remoteGlobalIDString = A07A4C241783777C0073F6A7;
			remoteInfo = "libcocos2d iOS";
		};
		B70BD4862196C7F5000A4EBF /* PBXContainerItemProxy */ = {
			isa = PBXContainerItemProxy;
			containerPortal = B70BD4792196C7C7000A4EBF /* GPUImage.xcodeproj */;
			proxyType = 1;
			remoteGlobalIDString = BCF1A33314DDB1EC00852800;
			remoteInfo = GPUImage;
		};
/* End PBXContainerItemProxy section */

/* Begin PBXFileReference section */
		B7089DA7219F4C1C001CA15D /* HelloWorld2.png */ = {isa = PBXFileReference; lastKnownFileType = image.png; path = HelloWorld2.png; sourceTree = "<group>"; };
		B70BD4382196C634000A4EBF /* Tikky.app */ = {isa = PBXFileReference; explicitFileType = wrapper.application; includeInIndex = 0; path = Tikky.app; sourceTree = BUILT_PRODUCTS_DIR; };
		B70BD43B2196C634000A4EBF /* AppDelegate.h */ = {isa = PBXFileReference; lastKnownFileType = sourcecode.c.h; path = AppDelegate.h; sourceTree = "<group>"; };
		B70BD43C2196C634000A4EBF /* AppDelegate.mm */ = {isa = PBXFileReference; lastKnownFileType = sourcecode.cpp.objcpp; path = AppDelegate.mm; sourceTree = "<group>"; };
		B70BD43E2196C634000A4EBF /* TikkyEngine.h */ = {isa = PBXFileReference; lastKnownFileType = sourcecode.c.h; path = TikkyEngine.h; sourceTree = "<group>"; };
		B70BD43F2196C634000A4EBF /* TikkyEngine.mm */ = {isa = PBXFileReference; lastKnownFileType = sourcecode.cpp.objcpp; path = TikkyEngine.mm; sourceTree = "<group>"; };
		B70BD4422196C634000A4EBF /* Base */ = {isa = PBXFileReference; lastKnownFileType = file.storyboard; name = Base; path = Base.lproj/Main.storyboard; sourceTree = "<group>"; };
		B70BD4442196C636000A4EBF /* Assets.xcassets */ = {isa = PBXFileReference; lastKnownFileType = folder.assetcatalog; path = Assets.xcassets; sourceTree = "<group>"; };
		B70BD4472196C636000A4EBF /* Base */ = {isa = PBXFileReference; lastKnownFileType = file.storyboard; name = Base; path = Base.lproj/LaunchScreen.storyboard; sourceTree = "<group>"; };
		B70BD4492196C636000A4EBF /* Info.plist */ = {isa = PBXFileReference; lastKnownFileType = text.plist.xml; path = Info.plist; sourceTree = "<group>"; };
		B70BD44A2196C636000A4EBF /* main.m */ = {isa = PBXFileReference; lastKnownFileType = sourcecode.c.objc; path = main.m; sourceTree = "<group>"; };
		B70BD4522196C6EA000A4EBF /* cocos2d_libs.xcodeproj */ = {isa = PBXFileReference; lastKnownFileType = "wrapper.pb-project"; name = cocos2d_libs.xcodeproj; path = "cocos2d-x/build/cocos2d_libs.xcodeproj"; sourceTree = "<group>"; };
		B70BD45F2196C748000A4EBF /* CoreText.framework */ = {isa = PBXFileReference; lastKnownFileType = wrapper.framework; name = CoreText.framework; path = System/Library/Frameworks/CoreText.framework; sourceTree = SDKROOT; };
		B70BD4612196C74F000A4EBF /* libiconv.tbd */ = {isa = PBXFileReference; lastKnownFileType = "sourcecode.text-based-dylib-definition"; name = libiconv.tbd; path = usr/lib/libiconv.tbd; sourceTree = SDKROOT; };
		B70BD4632196C754000A4EBF /* Security.framework */ = {isa = PBXFileReference; lastKnownFileType = wrapper.framework; name = Security.framework; path = System/Library/Frameworks/Security.framework; sourceTree = SDKROOT; };
		B70BD4652196C75B000A4EBF /* CoreMotion.framework */ = {isa = PBXFileReference; lastKnownFileType = wrapper.framework; name = CoreMotion.framework; path = System/Library/Frameworks/CoreMotion.framework; sourceTree = SDKROOT; };
		B70BD4672196C762000A4EBF /* Foundation.framework */ = {isa = PBXFileReference; lastKnownFileType = wrapper.framework; name = Foundation.framework; path = System/Library/Frameworks/Foundation.framework; sourceTree = SDKROOT; };
		B70BD4692196C768000A4EBF /* UIKit.framework */ = {isa = PBXFileReference; lastKnownFileType = wrapper.framework; name = UIKit.framework; path = System/Library/Frameworks/UIKit.framework; sourceTree = SDKROOT; };
		B70BD46B2196C76F000A4EBF /* CoreGraphics.framework */ = {isa = PBXFileReference; lastKnownFileType = wrapper.framework; name = CoreGraphics.framework; path = System/Library/Frameworks/CoreGraphics.framework; sourceTree = SDKROOT; };
		B70BD46D2196C774000A4EBF /* OpenGLES.framework */ = {isa = PBXFileReference; lastKnownFileType = wrapper.framework; name = OpenGLES.framework; path = System/Library/Frameworks/OpenGLES.framework; sourceTree = SDKROOT; };
		B70BD46F2196C77B000A4EBF /* libz.tbd */ = {isa = PBXFileReference; lastKnownFileType = "sourcecode.text-based-dylib-definition"; name = libz.tbd; path = usr/lib/libz.tbd; sourceTree = SDKROOT; };
		B70BD4712196C782000A4EBF /* QuartzCore.framework */ = {isa = PBXFileReference; lastKnownFileType = wrapper.framework; name = QuartzCore.framework; path = System/Library/Frameworks/QuartzCore.framework; sourceTree = SDKROOT; };
		B70BD4732196C787000A4EBF /* OpenAL.framework */ = {isa = PBXFileReference; lastKnownFileType = wrapper.framework; name = OpenAL.framework; path = System/Library/Frameworks/OpenAL.framework; sourceTree = SDKROOT; };
		B70BD4752196C78F000A4EBF /* AVFoundation.framework */ = {isa = PBXFileReference; lastKnownFileType = wrapper.framework; name = AVFoundation.framework; path = System/Library/Frameworks/AVFoundation.framework; sourceTree = SDKROOT; };
		B70BD4772196C796000A4EBF /* AudioToolbox.framework */ = {isa = PBXFileReference; lastKnownFileType = wrapper.framework; name = AudioToolbox.framework; path = System/Library/Frameworks/AudioToolbox.framework; sourceTree = SDKROOT; };
		B70BD4792196C7C7000A4EBF /* GPUImage.xcodeproj */ = {isa = PBXFileReference; lastKnownFileType = "wrapper.pb-project"; name = GPUImage.xcodeproj; path = GPUImage/GPUImage.xcodeproj; sourceTree = "<group>"; };
		B70BD4882196C90C000A4EBF /* StickerScene.h */ = {isa = PBXFileReference; fileEncoding = 4; lastKnownFileType = sourcecode.c.h; path = StickerScene.h; sourceTree = "<group>"; };
		B70BD4892196C90E000A4EBF /* CCAppDelegate.h */ = {isa = PBXFileReference; fileEncoding = 4; lastKnownFileType = sourcecode.c.h; path = CCAppDelegate.h; sourceTree = "<group>"; };
		B70BD48A2196C90F000A4EBF /* Prefix.pch */ = {isa = PBXFileReference; fileEncoding = 4; lastKnownFileType = sourcecode.c.h; path = Prefix.pch; sourceTree = "<group>"; };
		B70BD48B2196C911000A4EBF /* StickerScene.cpp */ = {isa = PBXFileReference; fileEncoding = 4; lastKnownFileType = sourcecode.cpp.cpp; path = StickerScene.cpp; sourceTree = "<group>"; };
		B70BD48C2196C913000A4EBF /* CCAppDelegate.cpp */ = {isa = PBXFileReference; fileEncoding = 4; lastKnownFileType = sourcecode.cpp.cpp; path = CCAppDelegate.cpp; sourceTree = "<group>"; };
		B70BD4922196C91D000A4EBF /* Cocos2dxGameController.mm */ = {isa = PBXFileReference; fileEncoding = 4; lastKnownFileType = sourcecode.cpp.objcpp; path = Cocos2dxGameController.mm; sourceTree = "<group>"; };
		B70BD4932196C91D000A4EBF /* Cocos2dxGameController.h */ = {isa = PBXFileReference; fileEncoding = 4; lastKnownFileType = sourcecode.c.h; path = Cocos2dxGameController.h; sourceTree = "<group>"; };
		B70BD4972196CC84000A4EBF /* HelloWorld.png */ = {isa = PBXFileReference; lastKnownFileType = image.png; path = HelloWorld.png; sourceTree = "<group>"; };
		B70E0F9321B9545600012236 /* emoji.png */ = {isa = PBXFileReference; lastKnownFileType = image.png; path = emoji.png; sourceTree = "<group>"; };
		B70E0F9421B9545600012236 /* capture_button.png */ = {isa = PBXFileReference; lastKnownFileType = image.png; path = capture_button.png; sourceTree = "<group>"; };
		B70E0F9521B9545600012236 /* filter.png */ = {isa = PBXFileReference; lastKnownFileType = image.png; path = filter.png; sourceTree = "<group>"; };
		B70E0F9621B9545600012236 /* assert_picker.png */ = {isa = PBXFileReference; lastKnownFileType = image.png; path = assert_picker.png; sourceTree = "<group>"; };
		B70E0F9721B9545600012236 /* frame.png */ = {isa = PBXFileReference; lastKnownFileType = image.png; path = frame.png; sourceTree = "<group>"; };
		B70E0F9921B9545600012236 /* TKTopMenu.m */ = {isa = PBXFileReference; fileEncoding = 4; lastKnownFileType = sourcecode.c.objc; path = TKTopMenu.m; sourceTree = "<group>"; };
		B70E0F9A21B9545600012236 /* TKBottomSubMenu.m */ = {isa = PBXFileReference; fileEncoding = 4; lastKnownFileType = sourcecode.c.objc; path = TKBottomSubMenu.m; sourceTree = "<group>"; };
		B70E0F9B21B9545600012236 /* TKBottomMenuItem.h */ = {isa = PBXFileReference; fileEncoding = 4; lastKnownFileType = sourcecode.c.h; path = TKBottomMenuItem.h; sourceTree = "<group>"; };
		B70E0F9C21B9545600012236 /* TKBottomMenu.h */ = {isa = PBXFileReference; fileEncoding = 4; lastKnownFileType = sourcecode.c.h; path = TKBottomMenu.h; sourceTree = "<group>"; };
		B70E0F9D21B9545600012236 /* TKTopSubMenuItem.m */ = {isa = PBXFileReference; fileEncoding = 4; lastKnownFileType = sourcecode.c.objc; path = TKTopSubMenuItem.m; sourceTree = "<group>"; };
		B70E0F9E21B9545600012236 /* TKTopMenuItem.m */ = {isa = PBXFileReference; fileEncoding = 4; lastKnownFileType = sourcecode.c.objc; path = TKTopMenuItem.m; sourceTree = "<group>"; };
		B70E0F9F21B9545600012236 /* TKTopMenu.h */ = {isa = PBXFileReference; fileEncoding = 4; lastKnownFileType = sourcecode.c.h; path = TKTopMenu.h; sourceTree = "<group>"; };
		B70E0FA021B9545600012236 /* TKBottomSubMenu.h */ = {isa = PBXFileReference; fileEncoding = 4; lastKnownFileType = sourcecode.c.h; path = TKBottomSubMenu.h; sourceTree = "<group>"; };
		B70E0FA121B9545600012236 /* TKBottomMenu.m */ = {isa = PBXFileReference; fileEncoding = 4; lastKnownFileType = sourcecode.c.objc; path = TKBottomMenu.m; sourceTree = "<group>"; };
		B70E0FA221B9545600012236 /* TKBottomMenuItem.m */ = {isa = PBXFileReference; fileEncoding = 4; lastKnownFileType = sourcecode.c.objc; path = TKBottomMenuItem.m; sourceTree = "<group>"; };
		B70E0FA321B9545600012236 /* TKTopMenuItem.h */ = {isa = PBXFileReference; fileEncoding = 4; lastKnownFileType = sourcecode.c.h; path = TKTopMenuItem.h; sourceTree = "<group>"; };
		B70E0FA421B9545600012236 /* TKTopSubMenuItem.h */ = {isa = PBXFileReference; fileEncoding = 4; lastKnownFileType = sourcecode.c.h; path = TKTopSubMenuItem.h; sourceTree = "<group>"; };
		B717051321985697006409F0 /* Photos.framework */ = {isa = PBXFileReference; lastKnownFileType = wrapper.framework; name = Photos.framework; path = System/Library/Frameworks/Photos.framework; sourceTree = SDKROOT; };
		B71850B921B462BB00F66171 /* recyclingbin.png */ = {isa = PBXFileReference; lastKnownFileType = image.png; path = recyclingbin.png; sourceTree = "<group>"; };
		B71B138221B9C1A800DE1796 /* GPUImageLUTFilter.h */ = {isa = PBXFileReference; fileEncoding = 4; lastKnownFileType = sourcecode.c.h; path = GPUImageLUTFilter.h; sourceTree = "<group>"; };
		B71B138321B9C1A900DE1796 /* GPUImageLUTFilter.m */ = {isa = PBXFileReference; fileEncoding = 4; lastKnownFileType = sourcecode.c.objc; path = GPUImageLUTFilter.m; sourceTree = "<group>"; };
		B74AAB14219FE79C006DF9B0 /* lookup_amatorka.png */ = {isa = PBXFileReference; lastKnownFileType = image.png; path = lookup_amatorka.png; sourceTree = "<group>"; };
		B75279CC21A1730400A59714 /* TKUtilities.h */ = {isa = PBXFileReference; lastKnownFileType = sourcecode.c.h; path = TKUtilities.h; sourceTree = "<group>"; };
		B75279CD21A1A73E00A59714 /* TKUtilities.c */ = {isa = PBXFileReference; lastKnownFileType = sourcecode.c.c; path = TKUtilities.c; sourceTree = "<group>"; };
		B75279D521A2001E00A59714 /* GPUImageStickerFilter.mm */ = {isa = PBXFileReference; fileEncoding = 4; lastKnownFileType = sourcecode.cpp.objcpp; path = GPUImageStickerFilter.mm; sourceTree = "<group>"; };
		B75279D721A2003700A59714 /* GPUImageStickerFilter.h */ = {isa = PBXFileReference; lastKnownFileType = sourcecode.c.h; path = GPUImageStickerFilter.h; sourceTree = "<group>"; };
		B7558A5A21B8604A0045BBD7 /* TKImageInput.h */ = {isa = PBXFileReference; lastKnownFileType = sourcecode.c.h; path = TKImageInput.h; sourceTree = "<group>"; };
		B7558A5B21B8604A0045BBD7 /* TKImageInput.m */ = {isa = PBXFileReference; lastKnownFileType = sourcecode.c.objc; path = TKImageInput.m; sourceTree = "<group>"; };
		B75C332021B3F626006BEED5 /* close50.png */ = {isa = PBXFileReference; lastKnownFileType = image.png; path = close50.png; sourceTree = "<group>"; };
		B75C332521B3F626006BEED5 /* scale50.png */ = {isa = PBXFileReference; lastKnownFileType = image.png; path = scale50.png; sourceTree = "<group>"; };
		B75C332921B4064F006BEED5 /* StickerEditController.cpp */ = {isa = PBXFileReference; lastKnownFileType = sourcecode.cpp.cpp; path = StickerEditController.cpp; sourceTree = "<group>"; };
		B75C332A21B4064F006BEED5 /* StickerEditController.h */ = {isa = PBXFileReference; lastKnownFileType = sourcecode.c.h; path = StickerEditController.h; sourceTree = "<group>"; };
		B75C332D21B40D44006BEED5 /* StickerType.h */ = {isa = PBXFileReference; lastKnownFileType = sourcecode.c.h; path = StickerType.h; sourceTree = "<group>"; };
		B75C333021B432C2006BEED5 /* PanGestureRecognizer.cpp */ = {isa = PBXFileReference; fileEncoding = 4; lastKnownFileType = sourcecode.cpp.cpp; path = PanGestureRecognizer.cpp; sourceTree = "<group>"; };
		B75C333121B432C2006BEED5 /* TapGestureRecognizer.cpp */ = {isa = PBXFileReference; fileEncoding = 4; lastKnownFileType = sourcecode.cpp.cpp; path = TapGestureRecognizer.cpp; sourceTree = "<group>"; };
		B75C333221B432C2006BEED5 /* PanGestureRecognizer.h */ = {isa = PBXFileReference; fileEncoding = 4; lastKnownFileType = sourcecode.c.h; path = PanGestureRecognizer.h; sourceTree = "<group>"; };
		B75C333321B432C2006BEED5 /* GestureRecognizerUtils.h */ = {isa = PBXFileReference; fileEncoding = 4; lastKnownFileType = sourcecode.c.h; path = GestureRecognizerUtils.h; sourceTree = "<group>"; };
		B75C333421B432C2006BEED5 /* GestureRecognizerUtils.cpp */ = {isa = PBXFileReference; fileEncoding = 4; lastKnownFileType = sourcecode.cpp.cpp; path = GestureRecognizerUtils.cpp; sourceTree = "<group>"; };
		B75C333521B432C2006BEED5 /* GestureRecognizer.h */ = {isa = PBXFileReference; fileEncoding = 4; lastKnownFileType = sourcecode.c.h; path = GestureRecognizer.h; sourceTree = "<group>"; };
		B75C333621B432C2006BEED5 /* PinchGestureRecognizer.cpp */ = {isa = PBXFileReference; fileEncoding = 4; lastKnownFileType = sourcecode.cpp.cpp; path = PinchGestureRecognizer.cpp; sourceTree = "<group>"; };
		B75C333721B432C2006BEED5 /* LongPressGestureRecognizer.cpp */ = {isa = PBXFileReference; fileEncoding = 4; lastKnownFileType = sourcecode.cpp.cpp; path = LongPressGestureRecognizer.cpp; sourceTree = "<group>"; };
		B75C333821B432C2006BEED5 /* PinchGestureRecognizer.h */ = {isa = PBXFileReference; fileEncoding = 4; lastKnownFileType = sourcecode.c.h; path = PinchGestureRecognizer.h; sourceTree = "<group>"; };
		B75C333921B432C2006BEED5 /* SwipeGestureRecognizer.cpp */ = {isa = PBXFileReference; fileEncoding = 4; lastKnownFileType = sourcecode.cpp.cpp; path = SwipeGestureRecognizer.cpp; sourceTree = "<group>"; };
		B75C333A21B432C2006BEED5 /* LongPressGestureRecognizer.h */ = {isa = PBXFileReference; fileEncoding = 4; lastKnownFileType = sourcecode.c.h; path = LongPressGestureRecognizer.h; sourceTree = "<group>"; };
		B75C333B21B432C2006BEED5 /* GestureRecognizer.cpp */ = {isa = PBXFileReference; fileEncoding = 4; lastKnownFileType = sourcecode.cpp.cpp; path = GestureRecognizer.cpp; sourceTree = "<group>"; };
		B75C333C21B432C2006BEED5 /* SwipeGestureRecognizer.h */ = {isa = PBXFileReference; fileEncoding = 4; lastKnownFileType = sourcecode.c.h; path = SwipeGestureRecognizer.h; sourceTree = "<group>"; };
		B75C333D21B432C2006BEED5 /* TapGestureRecognizer.h */ = {isa = PBXFileReference; fileEncoding = 4; lastKnownFileType = sourcecode.c.h; path = TapGestureRecognizer.h; sourceTree = "<group>"; };
		B767ED8421B545C400CE264A /* TKStickerPreviewer.h */ = {isa = PBXFileReference; lastKnownFileType = sourcecode.c.h; path = TKStickerPreviewer.h; sourceTree = "<group>"; };
		B767ED8521B545C400CE264A /* TKStickerPreviewer.mm */ = {isa = PBXFileReference; lastKnownFileType = sourcecode.cpp.objcpp; path = TKStickerPreviewer.mm; sourceTree = "<group>"; };
		B767ED8B21B54F2C00CE264A /* CameraViewController.h */ = {isa = PBXFileReference; lastKnownFileType = sourcecode.c.h; path = CameraViewController.h; sourceTree = "<group>"; };
		B767ED8C21B54F2C00CE264A /* CameraViewController.mm */ = {isa = PBXFileReference; lastKnownFileType = sourcecode.cpp.objcpp; path = CameraViewController.mm; sourceTree = "<group>"; };
		B767ED9B21B5BECE00CE264A /* TKImageFilter.h */ = {isa = PBXFileReference; lastKnownFileType = sourcecode.c.h; path = TKImageFilter.h; sourceTree = "<group>"; };
		B767ED9C21B5BECE00CE264A /* TKImageFilter.m */ = {isa = PBXFileReference; lastKnownFileType = sourcecode.c.objc; path = TKImageFilter.m; sourceTree = "<group>"; };
/* End PBXFileReference section */

/* Begin PBXFrameworksBuildPhase section */
		B70BD4352196C634000A4EBF /* Frameworks */ = {
			isa = PBXFrameworksBuildPhase;
			buildActionMask = 2147483647;
			files = (
				B717051421985698006409F0 /* Photos.framework in Frameworks */,
				B70BD4832196C7E7000A4EBF /* libGPUImage.a in Frameworks */,
				B70BD4782196C796000A4EBF /* AudioToolbox.framework in Frameworks */,
				B70BD4762196C78F000A4EBF /* AVFoundation.framework in Frameworks */,
				B70BD4742196C788000A4EBF /* OpenAL.framework in Frameworks */,
				B70BD4722196C782000A4EBF /* QuartzCore.framework in Frameworks */,
				B70BD4702196C77B000A4EBF /* libz.tbd in Frameworks */,
				B70BD46E2196C774000A4EBF /* OpenGLES.framework in Frameworks */,
				B70BD46C2196C76F000A4EBF /* CoreGraphics.framework in Frameworks */,
				B70BD46A2196C768000A4EBF /* UIKit.framework in Frameworks */,
				B70BD4682196C762000A4EBF /* Foundation.framework in Frameworks */,
				B70BD4662196C75B000A4EBF /* CoreMotion.framework in Frameworks */,
				B70BD4642196C754000A4EBF /* Security.framework in Frameworks */,
				B70BD4622196C74F000A4EBF /* libiconv.tbd in Frameworks */,
				B70BD4602196C748000A4EBF /* CoreText.framework in Frameworks */,
				B70BD45E2196C73B000A4EBF /* libcocos2d iOS.a in Frameworks */,
			);
			runOnlyForDeploymentPostprocessing = 0;
		};
/* End PBXFrameworksBuildPhase section */

/* Begin PBXGroup section */
		B70BD42F2196C634000A4EBF = {
			isa = PBXGroup;
			children = (
				B70BD4512196C6AC000A4EBF /* Frameworks */,
				B70BD43A2196C634000A4EBF /* Tikky */,
				B70BD4392196C634000A4EBF /* Products */,
			);
			sourceTree = "<group>";
		};
		B70BD4392196C634000A4EBF /* Products */ = {
			isa = PBXGroup;
			children = (
				B70BD4382196C634000A4EBF /* Tikky.app */,
			);
			name = Products;
			sourceTree = "<group>";
		};
		B70BD43A2196C634000A4EBF /* Tikky */ = {
			isa = PBXGroup;
			children = (
				B70E0F9121B9545600012236 /* Presentation */,
				B774E4EB21B2F7F100446A06 /* Cocos2dxCodes */,
				B70BD4962196CC6F000A4EBF /* Resources */,
				B70BD4912196C91D000A4EBF /* Coco2dxGameController */,
				B70BD48A2196C90F000A4EBF /* Prefix.pch */,
				B70BD43B2196C634000A4EBF /* AppDelegate.h */,
				B70BD43C2196C634000A4EBF /* AppDelegate.mm */,
				B70BD4412196C634000A4EBF /* Main.storyboard */,
				B70BD4442196C636000A4EBF /* Assets.xcassets */,
				B70BD4462196C636000A4EBF /* LaunchScreen.storyboard */,
				B70BD4492196C636000A4EBF /* Info.plist */,
				B70BD44A2196C636000A4EBF /* main.m */,
				B75279CC21A1730400A59714 /* TKUtilities.h */,
				B75279CD21A1A73E00A59714 /* TKUtilities.c */,
				B75279D721A2003700A59714 /* GPUImageStickerFilter.h */,
				B75279D521A2001E00A59714 /* GPUImageStickerFilter.mm */,
				B767ED8B21B54F2C00CE264A /* CameraViewController.h */,
				B767ED8C21B54F2C00CE264A /* CameraViewController.mm */,
				B71B138221B9C1A800DE1796 /* GPUImageLUTFilter.h */,
				B71B138321B9C1A900DE1796 /* GPUImageLUTFilter.m */,
			);
			path = Tikky;
			sourceTree = "<group>";
		};
		B70BD4512196C6AC000A4EBF /* Frameworks */ = {
			isa = PBXGroup;
			children = (
				B70BD4522196C6EA000A4EBF /* cocos2d_libs.xcodeproj */,
				B70BD4792196C7C7000A4EBF /* GPUImage.xcodeproj */,
				B70BD4772196C796000A4EBF /* AudioToolbox.framework */,
				B70BD4752196C78F000A4EBF /* AVFoundation.framework */,
				B70BD4732196C787000A4EBF /* OpenAL.framework */,
				B70BD4712196C782000A4EBF /* QuartzCore.framework */,
				B70BD46F2196C77B000A4EBF /* libz.tbd */,
				B70BD46D2196C774000A4EBF /* OpenGLES.framework */,
				B70BD46B2196C76F000A4EBF /* CoreGraphics.framework */,
				B70BD4692196C768000A4EBF /* UIKit.framework */,
				B70BD4672196C762000A4EBF /* Foundation.framework */,
				B70BD4652196C75B000A4EBF /* CoreMotion.framework */,
				B70BD4632196C754000A4EBF /* Security.framework */,
				B70BD4612196C74F000A4EBF /* libiconv.tbd */,
				B717051321985697006409F0 /* Photos.framework */,
				B70BD45F2196C748000A4EBF /* CoreText.framework */,
			);
			path = Frameworks;
			sourceTree = "<group>";
		};
		B70BD4532196C6EA000A4EBF /* Products */ = {
			isa = PBXGroup;
			children = (
				B70BD4592196C6EA000A4EBF /* libcocos2d Mac.a */,
				B70BD45B2196C6EA000A4EBF /* libcocos2d iOS.a */,
				B70BD45D2196C6EA000A4EBF /* libcocos2d tvOS.a */,
			);
			name = Products;
			sourceTree = "<group>";
		};
		B70BD47A2196C7C7000A4EBF /* Products */ = {
			isa = PBXGroup;
			children = (
				B70BD4802196C7C8000A4EBF /* libGPUImage.a */,
				B70BD4822196C7C8000A4EBF /* GPUImage.framework */,
			);
			name = Products;
			sourceTree = "<group>";
		};
		B70BD4912196C91D000A4EBF /* Coco2dxGameController */ = {
			isa = PBXGroup;
			children = (
				B767ED9B21B5BECE00CE264A /* TKImageFilter.h */,
				B767ED9C21B5BECE00CE264A /* TKImageFilter.m */,
				B70BD4932196C91D000A4EBF /* Cocos2dxGameController.h */,
				B70BD4922196C91D000A4EBF /* Cocos2dxGameController.mm */,
				B767ED8421B545C400CE264A /* TKStickerPreviewer.h */,
				B767ED8521B545C400CE264A /* TKStickerPreviewer.mm */,
				B70BD43E2196C634000A4EBF /* TikkyEngine.h */,
				B70BD43F2196C634000A4EBF /* TikkyEngine.mm */,
				B7558A5A21B8604A0045BBD7 /* TKImageInput.h */,
				B7558A5B21B8604A0045BBD7 /* TKImageInput.m */,
			);
			path = Coco2dxGameController;
			sourceTree = "<group>";
		};
		B70BD4962196CC6F000A4EBF /* Resources */ = {
			isa = PBXGroup;
			children = (
				B71B137F21B9B9E000DE1796 /* views */,
				B71850B921B462BB00F66171 /* recyclingbin.png */,
				B75C332021B3F626006BEED5 /* close50.png */,
				B75C332521B3F626006BEED5 /* scale50.png */,
				B74AAB14219FE79C006DF9B0 /* lookup_amatorka.png */,
				B7089DA7219F4C1C001CA15D /* HelloWorld2.png */,
				B70BD4972196CC84000A4EBF /* HelloWorld.png */,
			);
			path = Resources;
			sourceTree = "<group>";
		};
		B70E0F9121B9545600012236 /* Presentation */ = {
			isa = PBXGroup;
			children = (
				B70E0F9821B9545600012236 /* Views */,
			);
			path = Presentation;
			sourceTree = "<group>";
		};
		B70E0F9821B9545600012236 /* Views */ = {
			isa = PBXGroup;
			children = (
				B70E0F9921B9545600012236 /* TKTopMenu.m */,
				B70E0F9A21B9545600012236 /* TKBottomSubMenu.m */,
				B70E0F9B21B9545600012236 /* TKBottomMenuItem.h */,
				B70E0F9C21B9545600012236 /* TKBottomMenu.h */,
				B70E0F9D21B9545600012236 /* TKTopSubMenuItem.m */,
				B70E0F9E21B9545600012236 /* TKTopMenuItem.m */,
				B70E0F9F21B9545600012236 /* TKTopMenu.h */,
				B70E0FA021B9545600012236 /* TKBottomSubMenu.h */,
				B70E0FA121B9545600012236 /* TKBottomMenu.m */,
				B70E0FA221B9545600012236 /* TKBottomMenuItem.m */,
				B70E0FA321B9545600012236 /* TKTopMenuItem.h */,
				B70E0FA421B9545600012236 /* TKTopSubMenuItem.h */,
			);
			path = Views;
			sourceTree = "<group>";
		};
		B71B137F21B9B9E000DE1796 /* views */ = {
			isa = PBXGroup;
			children = (
				B70E0F9321B9545600012236 /* emoji.png */,
				B70E0F9421B9545600012236 /* capture_button.png */,
				B70E0F9521B9545600012236 /* filter.png */,
				B70E0F9621B9545600012236 /* assert_picker.png */,
				B70E0F9721B9545600012236 /* frame.png */,
			);
			path = views;
			sourceTree = "<group>";
		};
		B75C332F21B432C2006BEED5 /* Gestures */ = {
			isa = PBXGroup;
			children = (
				B75C333521B432C2006BEED5 /* GestureRecognizer.h */,
				B75C333B21B432C2006BEED5 /* GestureRecognizer.cpp */,
				B75C333221B432C2006BEED5 /* PanGestureRecognizer.h */,
				B75C333021B432C2006BEED5 /* PanGestureRecognizer.cpp */,
				B75C333D21B432C2006BEED5 /* TapGestureRecognizer.h */,
				B75C333121B432C2006BEED5 /* TapGestureRecognizer.cpp */,
				B75C333321B432C2006BEED5 /* GestureRecognizerUtils.h */,
				B75C333421B432C2006BEED5 /* GestureRecognizerUtils.cpp */,
				B75C333821B432C2006BEED5 /* PinchGestureRecognizer.h */,
				B75C333621B432C2006BEED5 /* PinchGestureRecognizer.cpp */,
				B75C333A21B432C2006BEED5 /* LongPressGestureRecognizer.h */,
				B75C333721B432C2006BEED5 /* LongPressGestureRecognizer.cpp */,
				B75C333C21B432C2006BEED5 /* SwipeGestureRecognizer.h */,
				B75C333921B432C2006BEED5 /* SwipeGestureRecognizer.cpp */,
			);
			path = Gestures;
			sourceTree = "<group>";
		};
		B774E4EB21B2F7F100446A06 /* Cocos2dxCodes */ = {
			isa = PBXGroup;
			children = (
				B75C332F21B432C2006BEED5 /* Gestures */,
				B70BD4892196C90E000A4EBF /* CCAppDelegate.h */,
				B70BD48C2196C913000A4EBF /* CCAppDelegate.cpp */,
				B70BD4882196C90C000A4EBF /* StickerScene.h */,
				B70BD48B2196C911000A4EBF /* StickerScene.cpp */,
				B75C332A21B4064F006BEED5 /* StickerEditController.h */,
				B75C332921B4064F006BEED5 /* StickerEditController.cpp */,
				B75C332D21B40D44006BEED5 /* StickerType.h */,
			);
			path = Cocos2dxCodes;
			sourceTree = "<group>";
		};
/* End PBXGroup section */

/* Begin PBXNativeTarget section */
		B70BD4372196C634000A4EBF /* Tikky */ = {
			isa = PBXNativeTarget;
			buildConfigurationList = B70BD44E2196C636000A4EBF /* Build configuration list for PBXNativeTarget "Tikky" */;
			buildPhases = (
				B70BD4342196C634000A4EBF /* Sources */,
				B70BD4352196C634000A4EBF /* Frameworks */,
				B70BD4362196C634000A4EBF /* Resources */,
			);
			buildRules = (
			);
			dependencies = (
				B70BD4872196C7F5000A4EBF /* PBXTargetDependency */,
				B70BD4852196C7F2000A4EBF /* PBXTargetDependency */,
			);
			name = Tikky;
			productName = Tikky;
			productReference = B70BD4382196C634000A4EBF /* Tikky.app */;
			productType = "com.apple.product-type.application";
		};
/* End PBXNativeTarget section */

/* Begin PBXProject section */
		B70BD4302196C634000A4EBF /* Project object */ = {
			isa = PBXProject;
			attributes = {
				LastUpgradeCheck = 1010;
				ORGANIZATIONNAME = "Le Hoang Vu";
				TargetAttributes = {
					B70BD4372196C634000A4EBF = {
						CreatedOnToolsVersion = 10.1;
					};
				};
			};
			buildConfigurationList = B70BD4332196C634000A4EBF /* Build configuration list for PBXProject "Tikky" */;
			compatibilityVersion = "Xcode 9.3";
			developmentRegion = en;
			hasScannedForEncodings = 0;
			knownRegions = (
				en,
				Base,
			);
			mainGroup = B70BD42F2196C634000A4EBF;
			productRefGroup = B70BD4392196C634000A4EBF /* Products */;
			projectDirPath = "";
			projectReferences = (
				{
					ProductGroup = B70BD4532196C6EA000A4EBF /* Products */;
					ProjectRef = B70BD4522196C6EA000A4EBF /* cocos2d_libs.xcodeproj */;
				},
				{
					ProductGroup = B70BD47A2196C7C7000A4EBF /* Products */;
					ProjectRef = B70BD4792196C7C7000A4EBF /* GPUImage.xcodeproj */;
				},
			);
			projectRoot = "";
			targets = (
				B70BD4372196C634000A4EBF /* Tikky */,
			);
		};
/* End PBXProject section */

/* Begin PBXReferenceProxy section */
		B70BD4592196C6EA000A4EBF /* libcocos2d Mac.a */ = {
			isa = PBXReferenceProxy;
			fileType = archive.ar;
			path = "libcocos2d Mac.a";
			remoteRef = B70BD4582196C6EA000A4EBF /* PBXContainerItemProxy */;
			sourceTree = BUILT_PRODUCTS_DIR;
		};
		B70BD45B2196C6EA000A4EBF /* libcocos2d iOS.a */ = {
			isa = PBXReferenceProxy;
			fileType = archive.ar;
			path = "libcocos2d iOS.a";
			remoteRef = B70BD45A2196C6EA000A4EBF /* PBXContainerItemProxy */;
			sourceTree = BUILT_PRODUCTS_DIR;
		};
		B70BD45D2196C6EA000A4EBF /* libcocos2d tvOS.a */ = {
			isa = PBXReferenceProxy;
			fileType = archive.ar;
			path = "libcocos2d tvOS.a";
			remoteRef = B70BD45C2196C6EA000A4EBF /* PBXContainerItemProxy */;
			sourceTree = BUILT_PRODUCTS_DIR;
		};
		B70BD4802196C7C8000A4EBF /* libGPUImage.a */ = {
			isa = PBXReferenceProxy;
			fileType = archive.ar;
			path = libGPUImage.a;
			remoteRef = B70BD47F2196C7C8000A4EBF /* PBXContainerItemProxy */;
			sourceTree = BUILT_PRODUCTS_DIR;
		};
		B70BD4822196C7C8000A4EBF /* GPUImage.framework */ = {
			isa = PBXReferenceProxy;
			fileType = wrapper.framework;
			path = GPUImage.framework;
			remoteRef = B70BD4812196C7C8000A4EBF /* PBXContainerItemProxy */;
			sourceTree = BUILT_PRODUCTS_DIR;
		};
/* End PBXReferenceProxy section */

/* Begin PBXResourcesBuildPhase section */
		B70BD4362196C634000A4EBF /* Resources */ = {
			isa = PBXResourcesBuildPhase;
			buildActionMask = 2147483647;
			files = (
				B70BD4482196C636000A4EBF /* LaunchScreen.storyboard in Resources */,
				B7089DAC219F4C1D001CA15D /* HelloWorld2.png in Resources */,
				B70BD4982196CC84000A4EBF /* HelloWorld.png in Resources */,
				B75C332721B3F626006BEED5 /* scale50.png in Resources */,
				B70E0FAA21B9545700012236 /* capture_button.png in Resources */,
				B70E0FA921B9545700012236 /* emoji.png in Resources */,
				B74AAB19219FE79C006DF9B0 /* lookup_amatorka.png in Resources */,
				B70E0FAC21B9545700012236 /* assert_picker.png in Resources */,
				B70E0FAB21B9545700012236 /* filter.png in Resources */,
				B71850BE21B462BB00F66171 /* recyclingbin.png in Resources */,
				B70BD4452196C636000A4EBF /* Assets.xcassets in Resources */,
				B70E0FAD21B9545700012236 /* frame.png in Resources */,
				B70BD4432196C634000A4EBF /* Main.storyboard in Resources */,
				B75C332621B3F626006BEED5 /* close50.png in Resources */,
			);
			runOnlyForDeploymentPostprocessing = 0;
		};
/* End PBXResourcesBuildPhase section */

/* Begin PBXSourcesBuildPhase section */
		B70BD4342196C634000A4EBF /* Sources */ = {
			isa = PBXSourcesBuildPhase;
			buildActionMask = 2147483647;
			files = (
				B71B138421B9C1A900DE1796 /* GPUImageLUTFilter.m in Sources */,
				B767ED9421B5763C00CE264A /* StickerEditController.cpp in Sources */,
				B70E0FAF21B9545700012236 /* TKBottomSubMenu.m in Sources */,
				B70BD4402196C634000A4EBF /* TikkyEngine.mm in Sources */,
				B75279CE21A1A73E00A59714 /* TKUtilities.c in Sources */,
				B75C333F21B432C2006BEED5 /* TapGestureRecognizer.cpp in Sources */,
				B70E0FAE21B9545700012236 /* TKTopMenu.m in Sources */,
				B75C334121B432C2006BEED5 /* PinchGestureRecognizer.cpp in Sources */,
				B70E0FB021B9545700012236 /* TKTopSubMenuItem.m in Sources */,
				B70E0FB121B9545700012236 /* TKTopMenuItem.m in Sources */,
				B767ED8D21B54F2C00CE264A /* CameraViewController.mm in Sources */,
				B70BD44B2196C636000A4EBF /* main.m in Sources */,
				B75C334221B432C2006BEED5 /* LongPressGestureRecognizer.cpp in Sources */,
				B70BD48D2196C913000A4EBF /* StickerScene.cpp in Sources */,
				B70E0FB221B9545700012236 /* TKBottomMenu.m in Sources */,
				B75C333E21B432C2006BEED5 /* PanGestureRecognizer.cpp in Sources */,
				B70BD48E2196C913000A4EBF /* CCAppDelegate.cpp in Sources */,
				B75279D621A2001F00A59714 /* GPUImageStickerFilter.mm in Sources */,
				B70E0FB321B9545700012236 /* TKBottomMenuItem.m in Sources */,
				B7558A5C21B8604A0045BBD7 /* TKImageInput.m in Sources */,
				B75C334021B432C2006BEED5 /* GestureRecognizerUtils.cpp in Sources */,
				B70BD4952196C91D000A4EBF /* Cocos2dxGameController.mm in Sources */,
				B767ED9D21B5BECE00CE264A /* TKImageFilter.m in Sources */,
				B75C334421B432C2006BEED5 /* GestureRecognizer.cpp in Sources */,
				B75C334321B432C2006BEED5 /* SwipeGestureRecognizer.cpp in Sources */,
				B767ED8621B545C400CE264A /* TKStickerPreviewer.mm in Sources */,
				B70BD43D2196C634000A4EBF /* AppDelegate.mm in Sources */,
			);
			runOnlyForDeploymentPostprocessing = 0;
		};
/* End PBXSourcesBuildPhase section */

/* Begin PBXTargetDependency section */
		B70BD4852196C7F2000A4EBF /* PBXTargetDependency */ = {
			isa = PBXTargetDependency;
			name = "libcocos2d iOS";
			targetProxy = B70BD4842196C7F2000A4EBF /* PBXContainerItemProxy */;
		};
		B70BD4872196C7F5000A4EBF /* PBXTargetDependency */ = {
			isa = PBXTargetDependency;
			name = GPUImage;
			targetProxy = B70BD4862196C7F5000A4EBF /* PBXContainerItemProxy */;
		};
/* End PBXTargetDependency section */

/* Begin PBXVariantGroup section */
		B70BD4412196C634000A4EBF /* Main.storyboard */ = {
			isa = PBXVariantGroup;
			children = (
				B70BD4422196C634000A4EBF /* Base */,
			);
			name = Main.storyboard;
			sourceTree = "<group>";
		};
		B70BD4462196C636000A4EBF /* LaunchScreen.storyboard */ = {
			isa = PBXVariantGroup;
			children = (
				B70BD4472196C636000A4EBF /* Base */,
			);
			name = LaunchScreen.storyboard;
			sourceTree = "<group>";
		};
/* End PBXVariantGroup section */

/* Begin XCBuildConfiguration section */
		B70BD44C2196C636000A4EBF /* Debug */ = {
			isa = XCBuildConfiguration;
			buildSettings = {
				ALWAYS_SEARCH_USER_PATHS = NO;
				CLANG_ANALYZER_NONNULL = YES;
				CLANG_ANALYZER_NUMBER_OBJECT_CONVERSION = YES_AGGRESSIVE;
				CLANG_CXX_LANGUAGE_STANDARD = "gnu++14";
				CLANG_CXX_LIBRARY = "libc++";
				CLANG_ENABLE_MODULES = YES;
				CLANG_ENABLE_OBJC_ARC = YES;
				CLANG_ENABLE_OBJC_WEAK = YES;
				CLANG_WARN_BLOCK_CAPTURE_AUTORELEASING = YES;
				CLANG_WARN_BOOL_CONVERSION = YES;
				CLANG_WARN_COMMA = YES;
				CLANG_WARN_CONSTANT_CONVERSION = YES;
				CLANG_WARN_DEPRECATED_OBJC_IMPLEMENTATIONS = YES;
				CLANG_WARN_DIRECT_OBJC_ISA_USAGE = YES_ERROR;
				CLANG_WARN_DOCUMENTATION_COMMENTS = YES;
				CLANG_WARN_EMPTY_BODY = YES;
				CLANG_WARN_ENUM_CONVERSION = YES;
				CLANG_WARN_INFINITE_RECURSION = YES;
				CLANG_WARN_INT_CONVERSION = YES;
				CLANG_WARN_NON_LITERAL_NULL_CONVERSION = YES;
				CLANG_WARN_OBJC_IMPLICIT_RETAIN_SELF = YES;
				CLANG_WARN_OBJC_LITERAL_CONVERSION = YES;
				CLANG_WARN_OBJC_ROOT_CLASS = YES_ERROR;
				CLANG_WARN_RANGE_LOOP_ANALYSIS = YES;
				CLANG_WARN_STRICT_PROTOTYPES = YES;
				CLANG_WARN_SUSPICIOUS_MOVE = YES;
				CLANG_WARN_UNGUARDED_AVAILABILITY = YES_AGGRESSIVE;
				CLANG_WARN_UNREACHABLE_CODE = YES;
				CLANG_WARN__DUPLICATE_METHOD_MATCH = YES;
				CODE_SIGN_IDENTITY = "iPhone Developer";
				COPY_PHASE_STRIP = NO;
				DEBUG_INFORMATION_FORMAT = dwarf;
				ENABLE_STRICT_OBJC_MSGSEND = YES;
				ENABLE_TESTABILITY = YES;
				GCC_C_LANGUAGE_STANDARD = gnu11;
				GCC_DYNAMIC_NO_PIC = NO;
				GCC_NO_COMMON_BLOCKS = YES;
				GCC_OPTIMIZATION_LEVEL = 0;
				GCC_PREPROCESSOR_DEFINITIONS = (
					"DEBUG=1",
					"$(inherited)",
				);
				GCC_WARN_64_TO_32_BIT_CONVERSION = YES;
				GCC_WARN_ABOUT_RETURN_TYPE = YES_ERROR;
				GCC_WARN_UNDECLARED_SELECTOR = YES;
				GCC_WARN_UNINITIALIZED_AUTOS = YES_AGGRESSIVE;
				GCC_WARN_UNUSED_FUNCTION = YES;
				GCC_WARN_UNUSED_VARIABLE = YES;
				IPHONEOS_DEPLOYMENT_TARGET = 12.1;
				MTL_ENABLE_DEBUG_INFO = INCLUDE_SOURCE;
				MTL_FAST_MATH = YES;
				ONLY_ACTIVE_ARCH = YES;
				SDKROOT = iphoneos;
			};
			name = Debug;
		};
		B70BD44D2196C636000A4EBF /* Release */ = {
			isa = XCBuildConfiguration;
			buildSettings = {
				ALWAYS_SEARCH_USER_PATHS = NO;
				CLANG_ANALYZER_NONNULL = YES;
				CLANG_ANALYZER_NUMBER_OBJECT_CONVERSION = YES_AGGRESSIVE;
				CLANG_CXX_LANGUAGE_STANDARD = "gnu++14";
				CLANG_CXX_LIBRARY = "libc++";
				CLANG_ENABLE_MODULES = YES;
				CLANG_ENABLE_OBJC_ARC = YES;
				CLANG_ENABLE_OBJC_WEAK = YES;
				CLANG_WARN_BLOCK_CAPTURE_AUTORELEASING = YES;
				CLANG_WARN_BOOL_CONVERSION = YES;
				CLANG_WARN_COMMA = YES;
				CLANG_WARN_CONSTANT_CONVERSION = YES;
				CLANG_WARN_DEPRECATED_OBJC_IMPLEMENTATIONS = YES;
				CLANG_WARN_DIRECT_OBJC_ISA_USAGE = YES_ERROR;
				CLANG_WARN_DOCUMENTATION_COMMENTS = YES;
				CLANG_WARN_EMPTY_BODY = YES;
				CLANG_WARN_ENUM_CONVERSION = YES;
				CLANG_WARN_INFINITE_RECURSION = YES;
				CLANG_WARN_INT_CONVERSION = YES;
				CLANG_WARN_NON_LITERAL_NULL_CONVERSION = YES;
				CLANG_WARN_OBJC_IMPLICIT_RETAIN_SELF = YES;
				CLANG_WARN_OBJC_LITERAL_CONVERSION = YES;
				CLANG_WARN_OBJC_ROOT_CLASS = YES_ERROR;
				CLANG_WARN_RANGE_LOOP_ANALYSIS = YES;
				CLANG_WARN_STRICT_PROTOTYPES = YES;
				CLANG_WARN_SUSPICIOUS_MOVE = YES;
				CLANG_WARN_UNGUARDED_AVAILABILITY = YES_AGGRESSIVE;
				CLANG_WARN_UNREACHABLE_CODE = YES;
				CLANG_WARN__DUPLICATE_METHOD_MATCH = YES;
				CODE_SIGN_IDENTITY = "iPhone Developer";
				COPY_PHASE_STRIP = NO;
				DEBUG_INFORMATION_FORMAT = "dwarf-with-dsym";
				ENABLE_NS_ASSERTIONS = NO;
				ENABLE_STRICT_OBJC_MSGSEND = YES;
				GCC_C_LANGUAGE_STANDARD = gnu11;
				GCC_NO_COMMON_BLOCKS = YES;
				GCC_WARN_64_TO_32_BIT_CONVERSION = YES;
				GCC_WARN_ABOUT_RETURN_TYPE = YES_ERROR;
				GCC_WARN_UNDECLARED_SELECTOR = YES;
				GCC_WARN_UNINITIALIZED_AUTOS = YES_AGGRESSIVE;
				GCC_WARN_UNUSED_FUNCTION = YES;
				GCC_WARN_UNUSED_VARIABLE = YES;
				IPHONEOS_DEPLOYMENT_TARGET = 12.1;
				MTL_ENABLE_DEBUG_INFO = NO;
				MTL_FAST_MATH = YES;
				SDKROOT = iphoneos;
				VALIDATE_PRODUCT = YES;
			};
			name = Release;
		};
		B70BD44F2196C636000A4EBF /* Debug */ = {
			isa = XCBuildConfiguration;
			buildSettings = {
				ASSETCATALOG_COMPILER_APPICON_NAME = AppIcon;
				CODE_SIGN_STYLE = Automatic;
				COMPRESS_PNG_FILES = NO;
				DEVELOPMENT_TEAM = WDZJX7VYT8;
				ENABLE_BITCODE = NO;
				GCC_PREFIX_HEADER = "$(SRCROOT)/Tikky/Prefix.pch";
				HEADER_SEARCH_PATHS = (
					"$(SRCROOT)/Frameworks/cocos2d-x",
					"$(SRCROOT)/Frameworks/cocos2d-x/cocos/audio/include",
					"$(SRCROOT)/Frameworks/cocos2d-x/cocos/editor-support",
					"$(SRCROOT)/Frameworks/cocos2d-x/cocos",
					"$(SRCROOT)/Frameworks/cocos2d-x/external/chipmunk/include/chipmunk",
					"$(SRCROOT)/Frameworks/cocos2d-x/external",
					"$(SRCROOT)/Frameworks/cocos2d-x/extensions",
					"$(inherited)",
					"$(SRCROOT)/Frameworks/GPUImage/Resources",
					"$(SRCROOT)/Frameworks/GPUImage/Source",
					"$(SRCROOT)/Frameworks/GPUImage/Source/iOS",
					"$(SRCROOT)/Frameworks/GPUImage/Source/iOS/Framework",
				);
				INFOPLIST_FILE = Tikky/Info.plist;
				IPHONEOS_DEPLOYMENT_TARGET = 9.0;
				LD_RUNPATH_SEARCH_PATHS = (
					"$(inherited)",
					"@executable_path/Frameworks",
				);
				ONLY_ACTIVE_ARCH = NO;
				PRODUCT_BUNDLE_IDENTIFIER = com.Tikky.BeautyCamera;
				PRODUCT_NAME = "$(TARGET_NAME)";
				STRIP_PNG_TEXT = NO;
				TARGETED_DEVICE_FAMILY = "1,2";
			};
			name = Debug;
		};
		B70BD4502196C636000A4EBF /* Release */ = {
			isa = XCBuildConfiguration;
			buildSettings = {
				ASSETCATALOG_COMPILER_APPICON_NAME = AppIcon;
				CODE_SIGN_STYLE = Automatic;
				COMPRESS_PNG_FILES = NO;
				DEVELOPMENT_TEAM = WDZJX7VYT8;
				ENABLE_BITCODE = NO;
				GCC_PREFIX_HEADER = "$(SRCROOT)/Tikky/Prefix.pch";
				HEADER_SEARCH_PATHS = (
					"$(SRCROOT)/Frameworks/cocos2d-x",
					"$(SRCROOT)/Frameworks/cocos2d-x/cocos/audio/include",
					"$(SRCROOT)/Frameworks/cocos2d-x/cocos/editor-support",
					"$(SRCROOT)/Frameworks/cocos2d-x/cocos",
					"$(SRCROOT)/Frameworks/cocos2d-x/external/chipmunk/include/chipmunk",
					"$(SRCROOT)/Frameworks/cocos2d-x/external",
					"$(SRCROOT)/Frameworks/cocos2d-x/extensions",
					"$(inherited)",
					"$(SRCROOT)/Frameworks/GPUImage/Resources",
					"$(SRCROOT)/Frameworks/GPUImage/Source",
					"$(SRCROOT)/Frameworks/GPUImage/Source/iOS",
					"$(SRCROOT)/Frameworks/GPUImage/Source/iOS/Framework",
				);
				INFOPLIST_FILE = Tikky/Info.plist;
				IPHONEOS_DEPLOYMENT_TARGET = 9.0;
				LD_RUNPATH_SEARCH_PATHS = (
					"$(inherited)",
					"@executable_path/Frameworks",
				);
				ONLY_ACTIVE_ARCH = NO;
				PRODUCT_BUNDLE_IDENTIFIER = com.Tikky.BeautyCamera;
				PRODUCT_NAME = "$(TARGET_NAME)";
				STRIP_PNG_TEXT = NO;
				TARGETED_DEVICE_FAMILY = "1,2";
			};
			name = Release;
		};
/* End XCBuildConfiguration section */

/* Begin XCConfigurationList section */
		B70BD4332196C634000A4EBF /* Build configuration list for PBXProject "Tikky" */ = {
			isa = XCConfigurationList;
			buildConfigurations = (
				B70BD44C2196C636000A4EBF /* Debug */,
				B70BD44D2196C636000A4EBF /* Release */,
			);
			defaultConfigurationIsVisible = 0;
			defaultConfigurationName = Release;
		};
		B70BD44E2196C636000A4EBF /* Build configuration list for PBXNativeTarget "Tikky" */ = {
			isa = XCConfigurationList;
			buildConfigurations = (
				B70BD44F2196C636000A4EBF /* Debug */,
				B70BD4502196C636000A4EBF /* Release */,
			);
			defaultConfigurationIsVisible = 0;
			defaultConfigurationName = Release;
		};
/* End XCConfigurationList section */
	};
	rootObject = B70BD4302196C634000A4EBF /* Project object */;
}
